// !$*UTF8*$!
{
	archiveVersion = 1;
	classes = {
	};
	objectVersion = 48;
	objects = {

/* Begin PBXBuildFile section */
		57122BBF1FAAA2120069C8F9 /* AppDelegate.swift in Sources */ = {isa = PBXBuildFile; fileRef = 57122BBE1FAAA2120069C8F9 /* AppDelegate.swift */; };
		57122BC11FAAA2120069C8F9 /* ViewController.swift in Sources */ = {isa = PBXBuildFile; fileRef = 57122BC01FAAA2120069C8F9 /* ViewController.swift */; };
		57122BC41FAAA2120069C8F9 /* Main.storyboard in Resources */ = {isa = PBXBuildFile; fileRef = 57122BC21FAAA2120069C8F9 /* Main.storyboard */; };
		57122BC61FAAA2120069C8F9 /* Assets.xcassets in Resources */ = {isa = PBXBuildFile; fileRef = 57122BC51FAAA2120069C8F9 /* Assets.xcassets */; };
		57122BC91FAAA2120069C8F9 /* LaunchScreen.storyboard in Resources */ = {isa = PBXBuildFile; fileRef = 57122BC71FAAA2120069C8F9 /* LaunchScreen.storyboard */; };
		57122BCE1FAAA2120069C8F9 /* WatchWeather WatchKit App.app in Embed Watch Content */ = {isa = PBXBuildFile; fileRef = 57122BCD1FAAA2120069C8F9 /* WatchWeather WatchKit App.app */; };
		57122BD41FAAA2120069C8F9 /* Interface.storyboard in Resources */ = {isa = PBXBuildFile; fileRef = 57122BD21FAAA2120069C8F9 /* Interface.storyboard */; };
		57122BD61FAAA2120069C8F9 /* Assets.xcassets in Resources */ = {isa = PBXBuildFile; fileRef = 57122BD51FAAA2120069C8F9 /* Assets.xcassets */; };
		57122BDD1FAAA2120069C8F9 /* WatchWeather WatchKit Extension.appex in Embed App Extensions */ = {isa = PBXBuildFile; fileRef = 57122BDC1FAAA2120069C8F9 /* WatchWeather WatchKit Extension.appex */; settings = {ATTRIBUTES = (RemoveHeadersOnCopy, ); }; };
		57122BE21FAAA2120069C8F9 /* InterfaceController.swift in Sources */ = {isa = PBXBuildFile; fileRef = 57122BE11FAAA2120069C8F9 /* InterfaceController.swift */; };
		57122BE41FAAA2120069C8F9 /* ExtensionDelegate.swift in Sources */ = {isa = PBXBuildFile; fileRef = 57122BE31FAAA2120069C8F9 /* ExtensionDelegate.swift */; };
		57122BE61FAAA2120069C8F9 /* NotificationController.swift in Sources */ = {isa = PBXBuildFile; fileRef = 57122BE51FAAA2120069C8F9 /* NotificationController.swift */; };
		57122BE81FAAA2120069C8F9 /* ComplicationController.swift in Sources */ = {isa = PBXBuildFile; fileRef = 57122BE71FAAA2120069C8F9 /* ComplicationController.swift */; };
		57122BEA1FAAA2120069C8F9 /* Assets.xcassets in Resources */ = {isa = PBXBuildFile; fileRef = 57122BE91FAAA2120069C8F9 /* Assets.xcassets */; };
		57122BFB1FAAA2840069C8F9 /* WeatherViewController.swift in Sources */ = {isa = PBXBuildFile; fileRef = 57122BFA1FAAA2830069C8F9 /* WeatherViewController.swift */; };
		5752A1F11FAAAE710092D8D0 /* WatchWeatherKit.h in Headers */ = {isa = PBXBuildFile; fileRef = 5752A1EF1FAAAE710092D8D0 /* WatchWeatherKit.h */; settings = {ATTRIBUTES = (Public, ); }; };
		5752A1F41FAAAE710092D8D0 /* WatchWeatherKit.framework in Frameworks */ = {isa = PBXBuildFile; fileRef = 5752A1ED1FAAAE710092D8D0 /* WatchWeatherKit.framework */; };
		5752A1F51FAAAE710092D8D0 /* WatchWeatherKit.framework in Embed Frameworks */ = {isa = PBXBuildFile; fileRef = 5752A1ED1FAAAE710092D8D0 /* WatchWeatherKit.framework */; settings = {ATTRIBUTES = (CodeSignOnCopy, RemoveHeadersOnCopy, ); }; };
		5752A1FB1FAAAE8E0092D8D0 /* Day.swift in Sources */ = {isa = PBXBuildFile; fileRef = 5752A1FA1FAAAE8E0092D8D0 /* Day.swift */; };
		5752A1FD1FAAAF0C0092D8D0 /* Weather.swift in Sources */ = {isa = PBXBuildFile; fileRef = 5752A1FC1FAAAF0C0092D8D0 /* Weather.swift */; };
		5752A1FF1FAAB4830092D8D0 /* WeatherClient.swift in Sources */ = {isa = PBXBuildFile; fileRef = 5752A1FE1FAAB4830092D8D0 /* WeatherClient.swift */; };
		5752A21E1FAAE2300092D8D0 /* WatchWeatherWatchKit.framework in Frameworks */ = {isa = PBXBuildFile; fileRef = 5752A2171FAAE2300092D8D0 /* WatchWeatherWatchKit.framework */; };
		5752A21F1FAAE2300092D8D0 /* WatchWeatherWatchKit.framework in Embed Frameworks */ = {isa = PBXBuildFile; fileRef = 5752A2171FAAE2300092D8D0 /* WatchWeatherWatchKit.framework */; settings = {ATTRIBUTES = (CodeSignOnCopy, RemoveHeadersOnCopy, ); }; };
		5752A2241FAAE25E0092D8D0 /* WatchWeatherWatchKit.h in Headers */ = {isa = PBXBuildFile; fileRef = 5752A2231FAAE25A0092D8D0 /* WatchWeatherWatchKit.h */; settings = {ATTRIBUTES = (Public, ); }; };
		5752A2251FAAE2920092D8D0 /* Day.swift in Sources */ = {isa = PBXBuildFile; fileRef = 5752A1FA1FAAAE8E0092D8D0 /* Day.swift */; };
		5752A2261FAAE2920092D8D0 /* Weather.swift in Sources */ = {isa = PBXBuildFile; fileRef = 5752A1FC1FAAAF0C0092D8D0 /* Weather.swift */; };
		5752A2271FAAE2920092D8D0 /* WeatherClient.swift in Sources */ = {isa = PBXBuildFile; fileRef = 5752A1FE1FAAB4830092D8D0 /* WeatherClient.swift */; };
/* End PBXBuildFile section */

/* Begin PBXContainerItemProxy section */
		57122BCF1FAAA2120069C8F9 /* PBXContainerItemProxy */ = {
			isa = PBXContainerItemProxy;
			containerPortal = 57122BB31FAAA2120069C8F9 /* Project object */;
			proxyType = 1;
			remoteGlobalIDString = 57122BCC1FAAA2120069C8F9;
			remoteInfo = "WatchWeather WatchKit App";
		};
		57122BDE1FAAA2120069C8F9 /* PBXContainerItemProxy */ = {
			isa = PBXContainerItemProxy;
			containerPortal = 57122BB31FAAA2120069C8F9 /* Project object */;
			proxyType = 1;
			remoteGlobalIDString = 57122BDB1FAAA2120069C8F9;
			remoteInfo = "WatchWeather WatchKit Extension";
		};
		5752A1F21FAAAE710092D8D0 /* PBXContainerItemProxy */ = {
			isa = PBXContainerItemProxy;
			containerPortal = 57122BB31FAAA2120069C8F9 /* Project object */;
			proxyType = 1;
			remoteGlobalIDString = 5752A1EC1FAAAE710092D8D0;
			remoteInfo = WatchWeatherKit;
		};
		5752A21C1FAAE2300092D8D0 /* PBXContainerItemProxy */ = {
			isa = PBXContainerItemProxy;
			containerPortal = 57122BB31FAAA2120069C8F9 /* Project object */;
			proxyType = 1;
			remoteGlobalIDString = 5752A2161FAAE2300092D8D0;
			remoteInfo = WatchWeatherWatchKit;
		};
/* End PBXContainerItemProxy section */

/* Begin PBXCopyFilesBuildPhase section */
		57122BF21FAAA2120069C8F9 /* Embed App Extensions */ = {
			isa = PBXCopyFilesBuildPhase;
			buildActionMask = 2147483647;
			dstPath = "";
			dstSubfolderSpec = 13;
			files = (
				57122BDD1FAAA2120069C8F9 /* WatchWeather WatchKit Extension.appex in Embed App Extensions */,
			);
			name = "Embed App Extensions";
			runOnlyForDeploymentPostprocessing = 0;
		};
		57122BF61FAAA2120069C8F9 /* Embed Watch Content */ = {
			isa = PBXCopyFilesBuildPhase;
			buildActionMask = 2147483647;
			dstPath = "$(CONTENTS_FOLDER_PATH)/Watch";
			dstSubfolderSpec = 16;
			files = (
				57122BCE1FAAA2120069C8F9 /* WatchWeather WatchKit App.app in Embed Watch Content */,
			);
			name = "Embed Watch Content";
			runOnlyForDeploymentPostprocessing = 0;
		};
		5752A1F91FAAAE710092D8D0 /* Embed Frameworks */ = {
			isa = PBXCopyFilesBuildPhase;
			buildActionMask = 2147483647;
			dstPath = "";
			dstSubfolderSpec = 10;
			files = (
				5752A1F51FAAAE710092D8D0 /* WatchWeatherKit.framework in Embed Frameworks */,
			);
			name = "Embed Frameworks";
			runOnlyForDeploymentPostprocessing = 0;
		};
		5752A2111FAAE20D0092D8D0 /* Embed Frameworks */ = {
			isa = PBXCopyFilesBuildPhase;
			buildActionMask = 2147483647;
			dstPath = "";
			dstSubfolderSpec = 10;
			files = (
				5752A21F1FAAE2300092D8D0 /* WatchWeatherWatchKit.framework in Embed Frameworks */,
			);
			name = "Embed Frameworks";
			runOnlyForDeploymentPostprocessing = 0;
		};
/* End PBXCopyFilesBuildPhase section */

/* Begin PBXFileReference section */
		57122BBB1FAAA2120069C8F9 /* WatchWeather.app */ = {isa = PBXFileReference; explicitFileType = wrapper.application; includeInIndex = 0; path = WatchWeather.app; sourceTree = BUILT_PRODUCTS_DIR; };
		57122BBE1FAAA2120069C8F9 /* AppDelegate.swift */ = {isa = PBXFileReference; lastKnownFileType = sourcecode.swift; path = AppDelegate.swift; sourceTree = "<group>"; };
		57122BC01FAAA2120069C8F9 /* ViewController.swift */ = {isa = PBXFileReference; lastKnownFileType = sourcecode.swift; path = ViewController.swift; sourceTree = "<group>"; };
		57122BC31FAAA2120069C8F9 /* Base */ = {isa = PBXFileReference; lastKnownFileType = file.storyboard; name = Base; path = Base.lproj/Main.storyboard; sourceTree = "<group>"; };
		57122BC51FAAA2120069C8F9 /* Assets.xcassets */ = {isa = PBXFileReference; lastKnownFileType = folder.assetcatalog; path = Assets.xcassets; sourceTree = "<group>"; };
		57122BC81FAAA2120069C8F9 /* Base */ = {isa = PBXFileReference; lastKnownFileType = file.storyboard; name = Base; path = Base.lproj/LaunchScreen.storyboard; sourceTree = "<group>"; };
		57122BCA1FAAA2120069C8F9 /* Info.plist */ = {isa = PBXFileReference; lastKnownFileType = text.plist.xml; path = Info.plist; sourceTree = "<group>"; };
		57122BCD1FAAA2120069C8F9 /* WatchWeather WatchKit App.app */ = {isa = PBXFileReference; explicitFileType = wrapper.application; includeInIndex = 0; path = "WatchWeather WatchKit App.app"; sourceTree = BUILT_PRODUCTS_DIR; };
		57122BD31FAAA2120069C8F9 /* Base */ = {isa = PBXFileReference; lastKnownFileType = file.storyboard; name = Base; path = Base.lproj/Interface.storyboard; sourceTree = "<group>"; };
		57122BD51FAAA2120069C8F9 /* Assets.xcassets */ = {isa = PBXFileReference; lastKnownFileType = folder.assetcatalog; path = Assets.xcassets; sourceTree = "<group>"; };
		57122BD71FAAA2120069C8F9 /* Info.plist */ = {isa = PBXFileReference; lastKnownFileType = text.plist.xml; path = Info.plist; sourceTree = "<group>"; };
		57122BDC1FAAA2120069C8F9 /* WatchWeather WatchKit Extension.appex */ = {isa = PBXFileReference; explicitFileType = "wrapper.app-extension"; includeInIndex = 0; path = "WatchWeather WatchKit Extension.appex"; sourceTree = BUILT_PRODUCTS_DIR; };
		57122BE11FAAA2120069C8F9 /* InterfaceController.swift */ = {isa = PBXFileReference; lastKnownFileType = sourcecode.swift; path = InterfaceController.swift; sourceTree = "<group>"; };
		57122BE31FAAA2120069C8F9 /* ExtensionDelegate.swift */ = {isa = PBXFileReference; lastKnownFileType = sourcecode.swift; path = ExtensionDelegate.swift; sourceTree = "<group>"; };
		57122BE51FAAA2120069C8F9 /* NotificationController.swift */ = {isa = PBXFileReference; lastKnownFileType = sourcecode.swift; path = NotificationController.swift; sourceTree = "<group>"; };
		57122BE71FAAA2120069C8F9 /* ComplicationController.swift */ = {isa = PBXFileReference; lastKnownFileType = sourcecode.swift; path = ComplicationController.swift; sourceTree = "<group>"; };
		57122BE91FAAA2120069C8F9 /* Assets.xcassets */ = {isa = PBXFileReference; lastKnownFileType = folder.assetcatalog; path = Assets.xcassets; sourceTree = "<group>"; };
		57122BEB1FAAA2120069C8F9 /* Info.plist */ = {isa = PBXFileReference; lastKnownFileType = text.plist.xml; path = Info.plist; sourceTree = "<group>"; };
		57122BEC1FAAA2120069C8F9 /* PushNotificationPayload.apns */ = {isa = PBXFileReference; lastKnownFileType = text; path = PushNotificationPayload.apns; sourceTree = "<group>"; };
		57122BFA1FAAA2830069C8F9 /* WeatherViewController.swift */ = {isa = PBXFileReference; lastKnownFileType = sourcecode.swift; path = WeatherViewController.swift; sourceTree = "<group>"; };
		5752A1ED1FAAAE710092D8D0 /* WatchWeatherKit.framework */ = {isa = PBXFileReference; explicitFileType = wrapper.framework; includeInIndex = 0; path = WatchWeatherKit.framework; sourceTree = BUILT_PRODUCTS_DIR; };
		5752A1EF1FAAAE710092D8D0 /* WatchWeatherKit.h */ = {isa = PBXFileReference; lastKnownFileType = sourcecode.c.h; path = WatchWeatherKit.h; sourceTree = "<group>"; };
		5752A1F01FAAAE710092D8D0 /* Info.plist */ = {isa = PBXFileReference; lastKnownFileType = text.plist.xml; path = Info.plist; sourceTree = "<group>"; };
		5752A1FA1FAAAE8E0092D8D0 /* Day.swift */ = {isa = PBXFileReference; lastKnownFileType = sourcecode.swift; path = Day.swift; sourceTree = "<group>"; };
		5752A1FC1FAAAF0C0092D8D0 /* Weather.swift */ = {isa = PBXFileReference; lastKnownFileType = sourcecode.swift; path = Weather.swift; sourceTree = "<group>"; };
		5752A1FE1FAAB4830092D8D0 /* WeatherClient.swift */ = {isa = PBXFileReference; lastKnownFileType = sourcecode.swift; path = WeatherClient.swift; sourceTree = "<group>"; };
		5752A2171FAAE2300092D8D0 /* WatchWeatherWatchKit.framework */ = {isa = PBXFileReference; explicitFileType = wrapper.framework; includeInIndex = 0; path = WatchWeatherWatchKit.framework; sourceTree = BUILT_PRODUCTS_DIR; };
		5752A21A1FAAE2300092D8D0 /* Info.plist */ = {isa = PBXFileReference; lastKnownFileType = text.plist.xml; path = Info.plist; sourceTree = "<group>"; };
		5752A2231FAAE25A0092D8D0 /* WatchWeatherWatchKit.h */ = {isa = PBXFileReference; lastKnownFileType = sourcecode.c.h; path = WatchWeatherWatchKit.h; sourceTree = "<group>"; };
/* End PBXFileReference section */

/* Begin PBXFrameworksBuildPhase section */
		57122BB81FAAA2120069C8F9 /* Frameworks */ = {
			isa = PBXFrameworksBuildPhase;
			buildActionMask = 2147483647;
			files = (
				5752A1F41FAAAE710092D8D0 /* WatchWeatherKit.framework in Frameworks */,
			);
			runOnlyForDeploymentPostprocessing = 0;
		};
		57122BD91FAAA2120069C8F9 /* Frameworks */ = {
			isa = PBXFrameworksBuildPhase;
			buildActionMask = 2147483647;
			files = (
				5752A21E1FAAE2300092D8D0 /* WatchWeatherWatchKit.framework in Frameworks */,
			);
			runOnlyForDeploymentPostprocessing = 0;
		};
		5752A1E91FAAAE710092D8D0 /* Frameworks */ = {
			isa = PBXFrameworksBuildPhase;
			buildActionMask = 2147483647;
			files = (
			);
			runOnlyForDeploymentPostprocessing = 0;
		};
		5752A2131FAAE2300092D8D0 /* Frameworks */ = {
			isa = PBXFrameworksBuildPhase;
			buildActionMask = 2147483647;
			files = (
			);
			runOnlyForDeploymentPostprocessing = 0;
		};
/* End PBXFrameworksBuildPhase section */

/* Begin PBXGroup section */
		57122BB21FAAA2120069C8F9 = {
			isa = PBXGroup;
			children = (
				57122BBD1FAAA2120069C8F9 /* WatchWeather */,
				57122BD11FAAA2120069C8F9 /* WatchWeather WatchKit App */,
				57122BE01FAAA2120069C8F9 /* WatchWeather WatchKit Extension */,
				5752A1EE1FAAAE710092D8D0 /* WatchWeatherKit */,
				5752A2181FAAE2300092D8D0 /* WatchWeatherWatchKit */,
				57122BBC1FAAA2120069C8F9 /* Products */,
			);
			sourceTree = "<group>";
		};
		57122BBC1FAAA2120069C8F9 /* Products */ = {
			isa = PBXGroup;
			children = (
				57122BBB1FAAA2120069C8F9 /* WatchWeather.app */,
				57122BCD1FAAA2120069C8F9 /* WatchWeather WatchKit App.app */,
				57122BDC1FAAA2120069C8F9 /* WatchWeather WatchKit Extension.appex */,
				5752A1ED1FAAAE710092D8D0 /* WatchWeatherKit.framework */,
				5752A2171FAAE2300092D8D0 /* WatchWeatherWatchKit.framework */,
			);
			name = Products;
			sourceTree = "<group>";
		};
		57122BBD1FAAA2120069C8F9 /* WatchWeather */ = {
			isa = PBXGroup;
			children = (
				57122BBE1FAAA2120069C8F9 /* AppDelegate.swift */,
				57122BC01FAAA2120069C8F9 /* ViewController.swift */,
				57122BFA1FAAA2830069C8F9 /* WeatherViewController.swift */,
				57122BC21FAAA2120069C8F9 /* Main.storyboard */,
				57122BC51FAAA2120069C8F9 /* Assets.xcassets */,
				57122BC71FAAA2120069C8F9 /* LaunchScreen.storyboard */,
				57122BCA1FAAA2120069C8F9 /* Info.plist */,
			);
			path = WatchWeather;
			sourceTree = "<group>";
		};
		57122BD11FAAA2120069C8F9 /* WatchWeather WatchKit App */ = {
			isa = PBXGroup;
			children = (
				57122BD21FAAA2120069C8F9 /* Interface.storyboard */,
				57122BD51FAAA2120069C8F9 /* Assets.xcassets */,
				57122BD71FAAA2120069C8F9 /* Info.plist */,
			);
			path = "WatchWeather WatchKit App";
			sourceTree = "<group>";
		};
		57122BE01FAAA2120069C8F9 /* WatchWeather WatchKit Extension */ = {
			isa = PBXGroup;
			children = (
				57122BE11FAAA2120069C8F9 /* InterfaceController.swift */,
				57122BE31FAAA2120069C8F9 /* ExtensionDelegate.swift */,
				57122BE51FAAA2120069C8F9 /* NotificationController.swift */,
				57122BE71FAAA2120069C8F9 /* ComplicationController.swift */,
				57122BE91FAAA2120069C8F9 /* Assets.xcassets */,
				57122BEB1FAAA2120069C8F9 /* Info.plist */,
				57122BEC1FAAA2120069C8F9 /* PushNotificationPayload.apns */,
			);
			path = "WatchWeather WatchKit Extension";
			sourceTree = "<group>";
		};
		5752A1EE1FAAAE710092D8D0 /* WatchWeatherKit */ = {
			isa = PBXGroup;
			children = (
				5752A1EF1FAAAE710092D8D0 /* WatchWeatherKit.h */,
				5752A1FA1FAAAE8E0092D8D0 /* Day.swift */,
				5752A1FC1FAAAF0C0092D8D0 /* Weather.swift */,
				5752A1FE1FAAB4830092D8D0 /* WeatherClient.swift */,
				5752A1F01FAAAE710092D8D0 /* Info.plist */,
			);
			path = WatchWeatherKit;
			sourceTree = "<group>";
		};
		5752A2181FAAE2300092D8D0 /* WatchWeatherWatchKit */ = {
			isa = PBXGroup;
			children = (
				5752A2231FAAE25A0092D8D0 /* WatchWeatherWatchKit.h */,
				5752A21A1FAAE2300092D8D0 /* Info.plist */,
			);
			path = WatchWeatherWatchKit;
			sourceTree = "<group>";
		};
/* End PBXGroup section */

/* Begin PBXHeadersBuildPhase section */
		5752A1EA1FAAAE710092D8D0 /* Headers */ = {
			isa = PBXHeadersBuildPhase;
			buildActionMask = 2147483647;
			files = (
				5752A1F11FAAAE710092D8D0 /* WatchWeatherKit.h in Headers */,
			);
			runOnlyForDeploymentPostprocessing = 0;
		};
		5752A2141FAAE2300092D8D0 /* Headers */ = {
			isa = PBXHeadersBuildPhase;
			buildActionMask = 2147483647;
			files = (
				5752A2241FAAE25E0092D8D0 /* WatchWeatherWatchKit.h in Headers */,
			);
			runOnlyForDeploymentPostprocessing = 0;
		};
/* End PBXHeadersBuildPhase section */

/* Begin PBXNativeTarget section */
		57122BBA1FAAA2120069C8F9 /* WatchWeather */ = {
			isa = PBXNativeTarget;
			buildConfigurationList = 57122BF71FAAA2120069C8F9 /* Build configuration list for PBXNativeTarget "WatchWeather" */;
			buildPhases = (
				57122BB71FAAA2120069C8F9 /* Sources */,
				57122BB81FAAA2120069C8F9 /* Frameworks */,
				57122BB91FAAA2120069C8F9 /* Resources */,
				57122BF61FAAA2120069C8F9 /* Embed Watch Content */,
				5752A1F91FAAAE710092D8D0 /* Embed Frameworks */,
			);
			buildRules = (
			);
			dependencies = (
				57122BD01FAAA2120069C8F9 /* PBXTargetDependency */,
				5752A1F31FAAAE710092D8D0 /* PBXTargetDependency */,
			);
			name = WatchWeather;
			productName = WatchWeather;
			productReference = 57122BBB1FAAA2120069C8F9 /* WatchWeather.app */;
			productType = "com.apple.product-type.application";
		};
		57122BCC1FAAA2120069C8F9 /* WatchWeather WatchKit App */ = {
			isa = PBXNativeTarget;
			buildConfigurationList = 57122BF31FAAA2120069C8F9 /* Build configuration list for PBXNativeTarget "WatchWeather WatchKit App" */;
			buildPhases = (
				57122BCB1FAAA2120069C8F9 /* Resources */,
				57122BF21FAAA2120069C8F9 /* Embed App Extensions */,
			);
			buildRules = (
			);
			dependencies = (
				57122BDF1FAAA2120069C8F9 /* PBXTargetDependency */,
			);
			name = "WatchWeather WatchKit App";
			productName = "WatchWeather WatchKit App";
			productReference = 57122BCD1FAAA2120069C8F9 /* WatchWeather WatchKit App.app */;
			productType = "com.apple.product-type.application.watchapp2";
		};
		57122BDB1FAAA2120069C8F9 /* WatchWeather WatchKit Extension */ = {
			isa = PBXNativeTarget;
			buildConfigurationList = 57122BEF1FAAA2120069C8F9 /* Build configuration list for PBXNativeTarget "WatchWeather WatchKit Extension" */;
			buildPhases = (
				57122BD81FAAA2120069C8F9 /* Sources */,
				57122BD91FAAA2120069C8F9 /* Frameworks */,
				57122BDA1FAAA2120069C8F9 /* Resources */,
				5752A2111FAAE20D0092D8D0 /* Embed Frameworks */,
			);
			buildRules = (
			);
			dependencies = (
				5752A21D1FAAE2300092D8D0 /* PBXTargetDependency */,
			);
			name = "WatchWeather WatchKit Extension";
			productName = "WatchWeather WatchKit Extension";
			productReference = 57122BDC1FAAA2120069C8F9 /* WatchWeather WatchKit Extension.appex */;
			productType = "com.apple.product-type.watchkit2-extension";
		};
		5752A1EC1FAAAE710092D8D0 /* WatchWeatherKit */ = {
			isa = PBXNativeTarget;
			buildConfigurationList = 5752A1F81FAAAE710092D8D0 /* Build configuration list for PBXNativeTarget "WatchWeatherKit" */;
			buildPhases = (
				5752A1E81FAAAE710092D8D0 /* Sources */,
				5752A1E91FAAAE710092D8D0 /* Frameworks */,
				5752A1EA1FAAAE710092D8D0 /* Headers */,
				5752A1EB1FAAAE710092D8D0 /* Resources */,
			);
			buildRules = (
			);
			dependencies = (
			);
			name = WatchWeatherKit;
			productName = WatchWeatherKit;
			productReference = 5752A1ED1FAAAE710092D8D0 /* WatchWeatherKit.framework */;
			productType = "com.apple.product-type.framework";
		};
		5752A2161FAAE2300092D8D0 /* WatchWeatherWatchKit */ = {
			isa = PBXNativeTarget;
			buildConfigurationList = 5752A2201FAAE2300092D8D0 /* Build configuration list for PBXNativeTarget "WatchWeatherWatchKit" */;
			buildPhases = (
				5752A2121FAAE2300092D8D0 /* Sources */,
				5752A2131FAAE2300092D8D0 /* Frameworks */,
				5752A2141FAAE2300092D8D0 /* Headers */,
				5752A2151FAAE2300092D8D0 /* Resources */,
			);
			buildRules = (
			);
			dependencies = (
			);
			name = WatchWeatherWatchKit;
			productName = WatchWeatherWatchKit;
			productReference = 5752A2171FAAE2300092D8D0 /* WatchWeatherWatchKit.framework */;
			productType = "com.apple.product-type.framework";
		};
/* End PBXNativeTarget section */

/* Begin PBXProject section */
		57122BB31FAAA2120069C8F9 /* Project object */ = {
			isa = PBXProject;
			attributes = {
				LastSwiftUpdateCheck = 0900;
				LastUpgradeCheck = 0900;
				ORGANIZATIONNAME = Pluto;
				TargetAttributes = {
					57122BBA1FAAA2120069C8F9 = {
						CreatedOnToolsVersion = 9.0;
						ProvisioningStyle = Automatic;
					};
					57122BCC1FAAA2120069C8F9 = {
						CreatedOnToolsVersion = 9.0;
						ProvisioningStyle = Automatic;
					};
					57122BDB1FAAA2120069C8F9 = {
						CreatedOnToolsVersion = 9.0;
						ProvisioningStyle = Automatic;
					};
					5752A1EC1FAAAE710092D8D0 = {
						CreatedOnToolsVersion = 9.0;
						LastSwiftMigration = 0900;
						ProvisioningStyle = Automatic;
					};
					5752A2161FAAE2300092D8D0 = {
						CreatedOnToolsVersion = 9.0;
						ProvisioningStyle = Automatic;
					};
				};
			};
			buildConfigurationList = 57122BB61FAAA2120069C8F9 /* Build configuration list for PBXProject "WatchWeather" */;
			compatibilityVersion = "Xcode 8.0";
			developmentRegion = en;
			hasScannedForEncodings = 0;
			knownRegions = (
				en,
				Base,
			);
			mainGroup = 57122BB21FAAA2120069C8F9;
			productRefGroup = 57122BBC1FAAA2120069C8F9 /* Products */;
			projectDirPath = "";
			projectRoot = "";
			targets = (
				57122BBA1FAAA2120069C8F9 /* WatchWeather */,
				57122BCC1FAAA2120069C8F9 /* WatchWeather WatchKit App */,
				57122BDB1FAAA2120069C8F9 /* WatchWeather WatchKit Extension */,
				5752A1EC1FAAAE710092D8D0 /* WatchWeatherKit */,
				5752A2161FAAE2300092D8D0 /* WatchWeatherWatchKit */,
			);
		};
/* End PBXProject section */

/* Begin PBXResourcesBuildPhase section */
		57122BB91FAAA2120069C8F9 /* Resources */ = {
			isa = PBXResourcesBuildPhase;
			buildActionMask = 2147483647;
			files = (
				57122BC91FAAA2120069C8F9 /* LaunchScreen.storyboard in Resources */,
				57122BC61FAAA2120069C8F9 /* Assets.xcassets in Resources */,
				57122BC41FAAA2120069C8F9 /* Main.storyboard in Resources */,
			);
			runOnlyForDeploymentPostprocessing = 0;
		};
		57122BCB1FAAA2120069C8F9 /* Resources */ = {
			isa = PBXResourcesBuildPhase;
			buildActionMask = 2147483647;
			files = (
				57122BD61FAAA2120069C8F9 /* Assets.xcassets in Resources */,
				57122BD41FAAA2120069C8F9 /* Interface.storyboard in Resources */,
			);
			runOnlyForDeploymentPostprocessing = 0;
		};
		57122BDA1FAAA2120069C8F9 /* Resources */ = {
			isa = PBXResourcesBuildPhase;
			buildActionMask = 2147483647;
			files = (
				57122BEA1FAAA2120069C8F9 /* Assets.xcassets in Resources */,
			);
			runOnlyForDeploymentPostprocessing = 0;
		};
		5752A1EB1FAAAE710092D8D0 /* Resources */ = {
			isa = PBXResourcesBuildPhase;
			buildActionMask = 2147483647;
			files = (
			);
			runOnlyForDeploymentPostprocessing = 0;
		};
		5752A2151FAAE2300092D8D0 /* Resources */ = {
			isa = PBXResourcesBuildPhase;
			buildActionMask = 2147483647;
			files = (
			);
			runOnlyForDeploymentPostprocessing = 0;
		};
/* End PBXResourcesBuildPhase section */

/* Begin PBXSourcesBuildPhase section */
		57122BB71FAAA2120069C8F9 /* Sources */ = {
			isa = PBXSourcesBuildPhase;
			buildActionMask = 2147483647;
			files = (
				57122BC11FAAA2120069C8F9 /* ViewController.swift in Sources */,
				57122BFB1FAAA2840069C8F9 /* WeatherViewController.swift in Sources */,
				57122BBF1FAAA2120069C8F9 /* AppDelegate.swift in Sources */,
			);
			runOnlyForDeploymentPostprocessing = 0;
		};
		57122BD81FAAA2120069C8F9 /* Sources */ = {
			isa = PBXSourcesBuildPhase;
			buildActionMask = 2147483647;
			files = (
				57122BE61FAAA2120069C8F9 /* NotificationController.swift in Sources */,
				57122BE81FAAA2120069C8F9 /* ComplicationController.swift in Sources */,
				57122BE41FAAA2120069C8F9 /* ExtensionDelegate.swift in Sources */,
				57122BE21FAAA2120069C8F9 /* InterfaceController.swift in Sources */,
			);
			runOnlyForDeploymentPostprocessing = 0;
		};
		5752A1E81FAAAE710092D8D0 /* Sources */ = {
			isa = PBXSourcesBuildPhase;
			buildActionMask = 2147483647;
			files = (
				5752A1FD1FAAAF0C0092D8D0 /* Weather.swift in Sources */,
				5752A1FB1FAAAE8E0092D8D0 /* Day.swift in Sources */,
				5752A1FF1FAAB4830092D8D0 /* WeatherClient.swift in Sources */,
			);
			runOnlyForDeploymentPostprocessing = 0;
		};
		5752A2121FAAE2300092D8D0 /* Sources */ = {
			isa = PBXSourcesBuildPhase;
			buildActionMask = 2147483647;
			files = (
				5752A2251FAAE2920092D8D0 /* Day.swift in Sources */,
				5752A2261FAAE2920092D8D0 /* Weather.swift in Sources */,
				5752A2271FAAE2920092D8D0 /* WeatherClient.swift in Sources */,
			);
			runOnlyForDeploymentPostprocessing = 0;
		};
/* End PBXSourcesBuildPhase section */

/* Begin PBXTargetDependency section */
		57122BD01FAAA2120069C8F9 /* PBXTargetDependency */ = {
			isa = PBXTargetDependency;
			target = 57122BCC1FAAA2120069C8F9 /* WatchWeather WatchKit App */;
			targetProxy = 57122BCF1FAAA2120069C8F9 /* PBXContainerItemProxy */;
		};
		57122BDF1FAAA2120069C8F9 /* PBXTargetDependency */ = {
			isa = PBXTargetDependency;
			target = 57122BDB1FAAA2120069C8F9 /* WatchWeather WatchKit Extension */;
			targetProxy = 57122BDE1FAAA2120069C8F9 /* PBXContainerItemProxy */;
		};
		5752A1F31FAAAE710092D8D0 /* PBXTargetDependency */ = {
			isa = PBXTargetDependency;
			target = 5752A1EC1FAAAE710092D8D0 /* WatchWeatherKit */;
			targetProxy = 5752A1F21FAAAE710092D8D0 /* PBXContainerItemProxy */;
		};
		5752A21D1FAAE2300092D8D0 /* PBXTargetDependency */ = {
			isa = PBXTargetDependency;
			target = 5752A2161FAAE2300092D8D0 /* WatchWeatherWatchKit */;
			targetProxy = 5752A21C1FAAE2300092D8D0 /* PBXContainerItemProxy */;
		};
/* End PBXTargetDependency section */

/* Begin PBXVariantGroup section */
		57122BC21FAAA2120069C8F9 /* Main.storyboard */ = {
			isa = PBXVariantGroup;
			children = (
				57122BC31FAAA2120069C8F9 /* Base */,
			);
			name = Main.storyboard;
			sourceTree = "<group>";
		};
		57122BC71FAAA2120069C8F9 /* LaunchScreen.storyboard */ = {
			isa = PBXVariantGroup;
			children = (
				57122BC81FAAA2120069C8F9 /* Base */,
			);
			name = LaunchScreen.storyboard;
			sourceTree = "<group>";
		};
		57122BD21FAAA2120069C8F9 /* Interface.storyboard */ = {
			isa = PBXVariantGroup;
			children = (
				57122BD31FAAA2120069C8F9 /* Base */,
			);
			name = Interface.storyboard;
			sourceTree = "<group>";
		};
/* End PBXVariantGroup section */

/* Begin XCBuildConfiguration section */
		57122BED1FAAA2120069C8F9 /* Debug */ = {
			isa = XCBuildConfiguration;
			buildSettings = {
				ALWAYS_SEARCH_USER_PATHS = NO;
				CLANG_ANALYZER_NONNULL = YES;
				CLANG_ANALYZER_NUMBER_OBJECT_CONVERSION = YES_AGGRESSIVE;
				CLANG_CXX_LANGUAGE_STANDARD = "gnu++14";
				CLANG_CXX_LIBRARY = "libc++";
				CLANG_ENABLE_MODULES = YES;
				CLANG_ENABLE_OBJC_ARC = YES;
				CLANG_WARN_BLOCK_CAPTURE_AUTORELEASING = YES;
				CLANG_WARN_BOOL_CONVERSION = YES;
				CLANG_WARN_COMMA = YES;
				CLANG_WARN_CONSTANT_CONVERSION = YES;
				CLANG_WARN_DIRECT_OBJC_ISA_USAGE = YES_ERROR;
				CLANG_WARN_DOCUMENTATION_COMMENTS = YES;
				CLANG_WARN_EMPTY_BODY = YES;
				CLANG_WARN_ENUM_CONVERSION = YES;
				CLANG_WARN_INFINITE_RECURSION = YES;
				CLANG_WARN_INT_CONVERSION = YES;
				CLANG_WARN_NON_LITERAL_NULL_CONVERSION = YES;
				CLANG_WARN_OBJC_LITERAL_CONVERSION = YES;
				CLANG_WARN_OBJC_ROOT_CLASS = YES_ERROR;
				CLANG_WARN_RANGE_LOOP_ANALYSIS = YES;
				CLANG_WARN_STRICT_PROTOTYPES = YES;
				CLANG_WARN_SUSPICIOUS_MOVE = YES;
				CLANG_WARN_UNGUARDED_AVAILABILITY = YES_AGGRESSIVE;
				CLANG_WARN_UNREACHABLE_CODE = YES;
				CLANG_WARN__DUPLICATE_METHOD_MATCH = YES;
				CODE_SIGN_IDENTITY = "iPhone Developer";
				COPY_PHASE_STRIP = NO;
				DEBUG_INFORMATION_FORMAT = dwarf;
				ENABLE_STRICT_OBJC_MSGSEND = YES;
				ENABLE_TESTABILITY = YES;
				GCC_C_LANGUAGE_STANDARD = gnu11;
				GCC_DYNAMIC_NO_PIC = NO;
				GCC_NO_COMMON_BLOCKS = YES;
				GCC_OPTIMIZATION_LEVEL = 0;
				GCC_PREPROCESSOR_DEFINITIONS = (
					"DEBUG=1",
					"$(inherited)",
				);
				GCC_WARN_64_TO_32_BIT_CONVERSION = YES;
				GCC_WARN_ABOUT_RETURN_TYPE = YES_ERROR;
				GCC_WARN_UNDECLARED_SELECTOR = YES;
				GCC_WARN_UNINITIALIZED_AUTOS = YES_AGGRESSIVE;
				GCC_WARN_UNUSED_FUNCTION = YES;
				GCC_WARN_UNUSED_VARIABLE = YES;
				IPHONEOS_DEPLOYMENT_TARGET = 11.0;
				MTL_ENABLE_DEBUG_INFO = YES;
				ONLY_ACTIVE_ARCH = YES;
				SDKROOT = iphoneos;
				SWIFT_ACTIVE_COMPILATION_CONDITIONS = DEBUG;
				SWIFT_OPTIMIZATION_LEVEL = "-Onone";
			};
			name = Debug;
		};
		57122BEE1FAAA2120069C8F9 /* Release */ = {
			isa = XCBuildConfiguration;
			buildSettings = {
				ALWAYS_SEARCH_USER_PATHS = NO;
				CLANG_ANALYZER_NONNULL = YES;
				CLANG_ANALYZER_NUMBER_OBJECT_CONVERSION = YES_AGGRESSIVE;
				CLANG_CXX_LANGUAGE_STANDARD = "gnu++14";
				CLANG_CXX_LIBRARY = "libc++";
				CLANG_ENABLE_MODULES = YES;
				CLANG_ENABLE_OBJC_ARC = YES;
				CLANG_WARN_BLOCK_CAPTURE_AUTORELEASING = YES;
				CLANG_WARN_BOOL_CONVERSION = YES;
				CLANG_WARN_COMMA = YES;
				CLANG_WARN_CONSTANT_CONVERSION = YES;
				CLANG_WARN_DIRECT_OBJC_ISA_USAGE = YES_ERROR;
				CLANG_WARN_DOCUMENTATION_COMMENTS = YES;
				CLANG_WARN_EMPTY_BODY = YES;
				CLANG_WARN_ENUM_CONVERSION = YES;
				CLANG_WARN_INFINITE_RECURSION = YES;
				CLANG_WARN_INT_CONVERSION = YES;
				CLANG_WARN_NON_LITERAL_NULL_CONVERSION = YES;
				CLANG_WARN_OBJC_LITERAL_CONVERSION = YES;
				CLANG_WARN_OBJC_ROOT_CLASS = YES_ERROR;
				CLANG_WARN_RANGE_LOOP_ANALYSIS = YES;
				CLANG_WARN_STRICT_PROTOTYPES = YES;
				CLANG_WARN_SUSPICIOUS_MOVE = YES;
				CLANG_WARN_UNGUARDED_AVAILABILITY = YES_AGGRESSIVE;
				CLANG_WARN_UNREACHABLE_CODE = YES;
				CLANG_WARN__DUPLICATE_METHOD_MATCH = YES;
				CODE_SIGN_IDENTITY = "iPhone Developer";
				COPY_PHASE_STRIP = NO;
				DEBUG_INFORMATION_FORMAT = "dwarf-with-dsym";
				ENABLE_NS_ASSERTIONS = NO;
				ENABLE_STRICT_OBJC_MSGSEND = YES;
				GCC_C_LANGUAGE_STANDARD = gnu11;
				GCC_NO_COMMON_BLOCKS = YES;
				GCC_WARN_64_TO_32_BIT_CONVERSION = YES;
				GCC_WARN_ABOUT_RETURN_TYPE = YES_ERROR;
				GCC_WARN_UNDECLARED_SELECTOR = YES;
				GCC_WARN_UNINITIALIZED_AUTOS = YES_AGGRESSIVE;
				GCC_WARN_UNUSED_FUNCTION = YES;
				GCC_WARN_UNUSED_VARIABLE = YES;
				IPHONEOS_DEPLOYMENT_TARGET = 11.0;
				MTL_ENABLE_DEBUG_INFO = NO;
				SDKROOT = iphoneos;
				SWIFT_OPTIMIZATION_LEVEL = "-Owholemodule";
				VALIDATE_PRODUCT = YES;
			};
			name = Release;
		};
		57122BF01FAAA2120069C8F9 /* Debug */ = {
			isa = XCBuildConfiguration;
			buildSettings = {
				ASSETCATALOG_COMPILER_COMPLICATION_NAME = Complication;
				CODE_SIGN_STYLE = Automatic;
				INFOPLIST_FILE = "WatchWeather WatchKit Extension/Info.plist";
				LD_RUNPATH_SEARCH_PATHS = "$(inherited) @executable_path/Frameworks @executable_path/../../Frameworks";
				PRODUCT_BUNDLE_IDENTIFIER = cn.com.Pluto.WatchWeather.watchkitapp.watchkitextension;
				PRODUCT_NAME = "${TARGET_NAME}";
				SDKROOT = watchos;
				SKIP_INSTALL = YES;
				SWIFT_VERSION = 4.0;
				TARGETED_DEVICE_FAMILY = 4;
				WATCHOS_DEPLOYMENT_TARGET = 4.0;
			};
			name = Debug;
		};
		57122BF11FAAA2120069C8F9 /* Release */ = {
			isa = XCBuildConfiguration;
			buildSettings = {
				ASSETCATALOG_COMPILER_COMPLICATION_NAME = Complication;
				CODE_SIGN_STYLE = Automatic;
				INFOPLIST_FILE = "WatchWeather WatchKit Extension/Info.plist";
				LD_RUNPATH_SEARCH_PATHS = "$(inherited) @executable_path/Frameworks @executable_path/../../Frameworks";
				PRODUCT_BUNDLE_IDENTIFIER = cn.com.Pluto.WatchWeather.watchkitapp.watchkitextension;
				PRODUCT_NAME = "${TARGET_NAME}";
				SDKROOT = watchos;
				SKIP_INSTALL = YES;
				SWIFT_VERSION = 4.0;
				TARGETED_DEVICE_FAMILY = 4;
				WATCHOS_DEPLOYMENT_TARGET = 4.0;
			};
			name = Release;
		};
		57122BF41FAAA2120069C8F9 /* Debug */ = {
			isa = XCBuildConfiguration;
			buildSettings = {
				ALWAYS_EMBED_SWIFT_STANDARD_LIBRARIES = YES;
				ASSETCATALOG_COMPILER_APPICON_NAME = AppIcon;
				CODE_SIGN_STYLE = Automatic;
				IBSC_MODULE = WatchWeather_WatchKit_Extension;
				INFOPLIST_FILE = "WatchWeather WatchKit App/Info.plist";
				PRODUCT_BUNDLE_IDENTIFIER = cn.com.Pluto.WatchWeather.watchkitapp;
				PRODUCT_NAME = "$(TARGET_NAME)";
				SDKROOT = watchos;
				SKIP_INSTALL = YES;
				SWIFT_VERSION = 4.0;
				TARGETED_DEVICE_FAMILY = 4;
				WATCHOS_DEPLOYMENT_TARGET = 4.0;
			};
			name = Debug;
		};
		57122BF51FAAA2120069C8F9 /* Release */ = {
			isa = XCBuildConfiguration;
			buildSettings = {
				ALWAYS_EMBED_SWIFT_STANDARD_LIBRARIES = YES;
				ASSETCATALOG_COMPILER_APPICON_NAME = AppIcon;
				CODE_SIGN_STYLE = Automatic;
				IBSC_MODULE = WatchWeather_WatchKit_Extension;
				INFOPLIST_FILE = "WatchWeather WatchKit App/Info.plist";
				PRODUCT_BUNDLE_IDENTIFIER = cn.com.Pluto.WatchWeather.watchkitapp;
				PRODUCT_NAME = "$(TARGET_NAME)";
				SDKROOT = watchos;
				SKIP_INSTALL = YES;
				SWIFT_VERSION = 4.0;
				TARGETED_DEVICE_FAMILY = 4;
				WATCHOS_DEPLOYMENT_TARGET = 4.0;
			};
			name = Release;
		};
		57122BF81FAAA2120069C8F9 /* Debug */ = {
			isa = XCBuildConfiguration;
			buildSettings = {
				ALWAYS_EMBED_SWIFT_STANDARD_LIBRARIES = YES;
				ASSETCATALOG_COMPILER_APPICON_NAME = AppIcon;
				CODE_SIGN_STYLE = Automatic;
				INFOPLIST_FILE = WatchWeather/Info.plist;
				LD_RUNPATH_SEARCH_PATHS = "$(inherited) @executable_path/Frameworks";
				PRODUCT_BUNDLE_IDENTIFIER = cn.com.Pluto.WatchWeather;
				PRODUCT_NAME = "$(TARGET_NAME)";
				SWIFT_VERSION = 4.0;
				TARGETED_DEVICE_FAMILY = "1,2";
			};
			name = Debug;
		};
		57122BF91FAAA2120069C8F9 /* Release */ = {
			isa = XCBuildConfiguration;
			buildSettings = {
				ALWAYS_EMBED_SWIFT_STANDARD_LIBRARIES = YES;
				ASSETCATALOG_COMPILER_APPICON_NAME = AppIcon;
				CODE_SIGN_STYLE = Automatic;
				INFOPLIST_FILE = WatchWeather/Info.plist;
				LD_RUNPATH_SEARCH_PATHS = "$(inherited) @executable_path/Frameworks";
				PRODUCT_BUNDLE_IDENTIFIER = cn.com.Pluto.WatchWeather;
				PRODUCT_NAME = "$(TARGET_NAME)";
				SWIFT_VERSION = 4.0;
				TARGETED_DEVICE_FAMILY = "1,2";
			};
			name = Release;
		};
		5752A1F61FAAAE710092D8D0 /* Debug */ = {
			isa = XCBuildConfiguration;
			buildSettings = {
				CLANG_ENABLE_MODULES = YES;
				CODE_SIGN_IDENTITY = "";
				CODE_SIGN_STYLE = Automatic;
				CURRENT_PROJECT_VERSION = 1;
				DEFINES_MODULE = YES;
				DYLIB_COMPATIBILITY_VERSION = 1;
				DYLIB_CURRENT_VERSION = 1;
				DYLIB_INSTALL_NAME_BASE = "@rpath";
				INFOPLIST_FILE = WatchWeatherKit/Info.plist;
				INSTALL_PATH = "$(LOCAL_LIBRARY_DIR)/Frameworks";
				LD_RUNPATH_SEARCH_PATHS = "$(inherited) @executable_path/Frameworks @loader_path/Frameworks";
				PRODUCT_BUNDLE_IDENTIFIER = cn.com.Pluto.WatchWeatherKit;
				PRODUCT_NAME = "$(TARGET_NAME:c99extidentifier)";
				SKIP_INSTALL = YES;
				SWIFT_OPTIMIZATION_LEVEL = "-Onone";
				SWIFT_VERSION = 4.0;
				TARGETED_DEVICE_FAMILY = "1,2";
				VERSIONING_SYSTEM = "apple-generic";
				VERSION_INFO_PREFIX = "";
			};
			name = Debug;
		};
		5752A1F71FAAAE710092D8D0 /* Release */ = {
			isa = XCBuildConfiguration;
			buildSettings = {
				CLANG_ENABLE_MODULES = YES;
				CODE_SIGN_IDENTITY = "";
				CODE_SIGN_STYLE = Automatic;
				CURRENT_PROJECT_VERSION = 1;
				DEFINES_MODULE = YES;
				DYLIB_COMPATIBILITY_VERSION = 1;
				DYLIB_CURRENT_VERSION = 1;
				DYLIB_INSTALL_NAME_BASE = "@rpath";
				INFOPLIST_FILE = WatchWeatherKit/Info.plist;
				INSTALL_PATH = "$(LOCAL_LIBRARY_DIR)/Frameworks";
				LD_RUNPATH_SEARCH_PATHS = "$(inherited) @executable_path/Frameworks @loader_path/Frameworks";
				PRODUCT_BUNDLE_IDENTIFIER = cn.com.Pluto.WatchWeatherKit;
				PRODUCT_NAME = "$(TARGET_NAME:c99extidentifier)";
				SKIP_INSTALL = YES;
				SWIFT_VERSION = 4.0;
				TARGETED_DEVICE_FAMILY = "1,2";
				VERSIONING_SYSTEM = "apple-generic";
				VERSION_INFO_PREFIX = "";
			};
			name = Release;
		};
		5752A2211FAAE2300092D8D0 /* Debug */ = {
			isa = XCBuildConfiguration;
			buildSettings = {
				APPLICATION_EXTENSION_API_ONLY = YES;
				CODE_SIGN_IDENTITY = "";
				CODE_SIGN_STYLE = Automatic;
				CURRENT_PROJECT_VERSION = 1;
				DEFINES_MODULE = YES;
				DYLIB_COMPATIBILITY_VERSION = 1;
				DYLIB_CURRENT_VERSION = 1;
				DYLIB_INSTALL_NAME_BASE = "@rpath";
				INFOPLIST_FILE = WatchWeatherWatchKit/Info.plist;
				INSTALL_PATH = "$(LOCAL_LIBRARY_DIR)/Frameworks";
				LD_RUNPATH_SEARCH_PATHS = "$(inherited) @executable_path/Frameworks @loader_path/Frameworks";
				PRODUCT_BUNDLE_IDENTIFIER = cn.com.Pluto.WatchWeatherWatchKit;
				PRODUCT_NAME = "$(TARGET_NAME:c99extidentifier)";
				SDKROOT = watchos;
				SKIP_INSTALL = YES;
				SWIFT_VERSION = 4.0;
				TARGETED_DEVICE_FAMILY = 4;
				VERSIONING_SYSTEM = "apple-generic";
				VERSION_INFO_PREFIX = "";
				WATCHOS_DEPLOYMENT_TARGET = 4.0;
			};
			name = Debug;
		};
		5752A2221FAAE2300092D8D0 /* Release */ = {
			isa = XCBuildConfiguration;
			buildSettings = {
				APPLICATION_EXTENSION_API_ONLY = YES;
				CODE_SIGN_IDENTITY = "";
				CODE_SIGN_STYLE = Automatic;
				CURRENT_PROJECT_VERSION = 1;
				DEFINES_MODULE = YES;
				DYLIB_COMPATIBILITY_VERSION = 1;
				DYLIB_CURRENT_VERSION = 1;
				DYLIB_INSTALL_NAME_BASE = "@rpath";
				INFOPLIST_FILE = WatchWeatherWatchKit/Info.plist;
				INSTALL_PATH = "$(LOCAL_LIBRARY_DIR)/Frameworks";
				LD_RUNPATH_SEARCH_PATHS = "$(inherited) @executable_path/Frameworks @loader_path/Frameworks";
				PRODUCT_BUNDLE_IDENTIFIER = cn.com.Pluto.WatchWeatherWatchKit;
				PRODUCT_NAME = "$(TARGET_NAME:c99extidentifier)";
				SDKROOT = watchos;
				SKIP_INSTALL = YES;
				SWIFT_VERSION = 4.0;
				TARGETED_DEVICE_FAMILY = 4;
				VERSIONING_SYSTEM = "apple-generic";
				VERSION_INFO_PREFIX = "";
				WATCHOS_DEPLOYMENT_TARGET = 4.0;
			};
			name = Release;
		};
/* End XCBuildConfiguration section */

/* Begin XCConfigurationList section */
		57122BB61FAAA2120069C8F9 /* Build configuration list for PBXProject "WatchWeather" */ = {
			isa = XCConfigurationList;
			buildConfigurations = (
				57122BED1FAAA2120069C8F9 /* Debug */,
				57122BEE1FAAA2120069C8F9 /* Release */,
			);
			defaultConfigurationIsVisible = 0;
			defaultConfigurationName = Release;
		};
		57122BEF1FAAA2120069C8F9 /* Build configuration list for PBXNativeTarget "WatchWeather WatchKit Extension" */ = {
			isa = XCConfigurationList;
			buildConfigurations = (
				57122BF01FAAA2120069C8F9 /* Debug */,
				57122BF11FAAA2120069C8F9 /* Release */,
			);
			defaultConfigurationIsVisible = 0;
			defaultConfigurationName = Release;
		};
		57122BF31FAAA2120069C8F9 /* Build configuration list for PBXNativeTarget "WatchWeather WatchKit App" */ = {
			isa = XCConfigurationList;
			buildConfigurations = (
				57122BF41FAAA2120069C8F9 /* Debug */,
				57122BF51FAAA2120069C8F9 /* Release */,
			);
			defaultConfigurationIsVisible = 0;
			defaultConfigurationName = Release;
		};
		57122BF71FAAA2120069C8F9 /* Build configuration list for PBXNativeTarget "WatchWeather" */ = {
			isa = XCConfigurationList;
			buildConfigurations = (
				57122BF81FAAA2120069C8F9 /* Debug */,
				57122BF91FAAA2120069C8F9 /* Release */,
			);
			defaultConfigurationIsVisible = 0;
			defaultConfigurationName = Release;
		};
		5752A1F81FAAAE710092D8D0 /* Build configuration list for PBXNativeTarget "WatchWeatherKit" */ = {
			isa = XCConfigurationList;
			buildConfigurations = (
				5752A1F61FAAAE710092D8D0 /* Debug */,
				5752A1F71FAAAE710092D8D0 /* Release */,
			);
			defaultConfigurationIsVisible = 0;
			defaultConfigurationName = Release;
		};
		5752A2201FAAE2300092D8D0 /* Build configuration list for PBXNativeTarget "WatchWeatherWatchKit" */ = {
			isa = XCConfigurationList;
			buildConfigurations = (
				5752A2211FAAE2300092D8D0 /* Debug */,
				5752A2221FAAE2300092D8D0 /* Release */,
			);
			defaultConfigurationIsVisible = 0;
			defaultConfigurationName = Release;
		};
/* End XCConfigurationList section */
	};
	rootObject = 57122BB31FAAA2120069C8F9 /* Project object */;
}
