// !$*UTF8*$!
{
	archiveVersion = 1;
	classes = {
	};
	objectVersion = 50;
	objects = {

/* Begin PBXBuildFile section */
		4114538C211EEFD100FD7258 /* MDMSectionModel.m in Sources */ = {isa = PBXBuildFile; fileRef = 4114538B211EEFD100FD7258 /* MDMSectionModel.m */; };
		4114538F211EF53C00FD7258 /* MDMRowModel.m in Sources */ = {isa = PBXBuildFile; fileRef = 4114538E211EF53C00FD7258 /* MDMRowModel.m */; };
		4114539321201C3600FD7258 /* GIFSpeedViewController.m in Sources */ = {isa = PBXBuildFile; fileRef = 4114539221201C3600FD7258 /* GIFSpeedViewController.m */; };
		4165E57B211DC20F00F6A0E9 /* Assets.xcassets in Resources */ = {isa = PBXBuildFile; fileRef = 4165E573211DC20F00F6A0E9 /* Assets.xcassets */; };
		4165E57C211DC20F00F6A0E9 /* LaunchScreen.storyboard in Resources */ = {isa = PBXBuildFile; fileRef = 4165E574211DC20F00F6A0E9 /* LaunchScreen.storyboard */; };
		4165E57D211DC20F00F6A0E9 /* Main.storyboard in Resources */ = {isa = PBXBuildFile; fileRef = 4165E576211DC20F00F6A0E9 /* Main.storyboard */; };
		4165E57E211DC20F00F6A0E9 /* main.m in Sources */ = {isa = PBXBuildFile; fileRef = 4165E578211DC20F00F6A0E9 /* main.m */; };
		4165E57F211DC20F00F6A0E9 /* AppDelegate.m in Sources */ = {isa = PBXBuildFile; fileRef = 4165E579211DC20F00F6A0E9 /* AppDelegate.m */; };
		4165E580211DC20F00F6A0E9 /* Info.plist in Resources */ = {isa = PBXBuildFile; fileRef = 4165E57A211DC20F00F6A0E9 /* Info.plist */; };
		4165E585211DC2A200F6A0E9 /* MDMRootViewController.m in Sources */ = {isa = PBXBuildFile; fileRef = 4165E584211DC2A200F6A0E9 /* MDMRootViewController.m */; };
		4165E5AA2121B67E00F6A0E9 /* GIFFileTool.m in Sources */ = {isa = PBXBuildFile; fileRef = 4165E5A92121B67E00F6A0E9 /* GIFFileTool.m */; };
/* End PBXBuildFile section */

/* Begin PBXFileReference section */
		4114538A211EEFD100FD7258 /* MDMSectionModel.h */ = {isa = PBXFileReference; lastKnownFileType = sourcecode.c.h; path = MDMSectionModel.h; sourceTree = "<group>"; };
		4114538B211EEFD100FD7258 /* MDMSectionModel.m */ = {isa = PBXFileReference; lastKnownFileType = sourcecode.c.objc; path = MDMSectionModel.m; sourceTree = "<group>"; };
		4114538D211EF53C00FD7258 /* MDMRowModel.h */ = {isa = PBXFileReference; lastKnownFileType = sourcecode.c.h; path = MDMRowModel.h; sourceTree = "<group>"; };
		4114538E211EF53C00FD7258 /* MDMRowModel.m */ = {isa = PBXFileReference; lastKnownFileType = sourcecode.c.objc; path = MDMRowModel.m; sourceTree = "<group>"; };
		4114539121201C3600FD7258 /* GIFSpeedViewController.h */ = {isa = PBXFileReference; lastKnownFileType = sourcecode.c.h; path = GIFSpeedViewController.h; sourceTree = "<group>"; };
		4114539221201C3600FD7258 /* GIFSpeedViewController.m */ = {isa = PBXFileReference; lastKnownFileType = sourcecode.c.objc; path = GIFSpeedViewController.m; sourceTree = "<group>"; };
		4165E558211DC19A00F6A0E9 /* Valhalla.app */ = {isa = PBXFileReference; explicitFileType = wrapper.application; includeInIndex = 0; path = Valhalla.app; sourceTree = BUILT_PRODUCTS_DIR; };
		4165E572211DC20F00F6A0E9 /* AppDelegate.h */ = {isa = PBXFileReference; fileEncoding = 4; lastKnownFileType = sourcecode.c.h; path = AppDelegate.h; sourceTree = "<group>"; };
		4165E573211DC20F00F6A0E9 /* Assets.xcassets */ = {isa = PBXFileReference; lastKnownFileType = folder.assetcatalog; path = Assets.xcassets; sourceTree = "<group>"; };
		4165E575211DC20F00F6A0E9 /* Base */ = {isa = PBXFileReference; lastKnownFileType = file.storyboard; name = Base; path = Base.lproj/LaunchScreen.storyboard; sourceTree = "<group>"; };
		4165E577211DC20F00F6A0E9 /* Base */ = {isa = PBXFileReference; lastKnownFileType = file.storyboard; name = Base; path = Base.lproj/Main.storyboard; sourceTree = "<group>"; };
		4165E578211DC20F00F6A0E9 /* main.m */ = {isa = PBXFileReference; fileEncoding = 4; lastKnownFileType = sourcecode.c.objc; path = main.m; sourceTree = "<group>"; };
		4165E579211DC20F00F6A0E9 /* AppDelegate.m */ = {isa = PBXFileReference; fileEncoding = 4; lastKnownFileType = sourcecode.c.objc; path = AppDelegate.m; sourceTree = "<group>"; };
		4165E57A211DC20F00F6A0E9 /* Info.plist */ = {isa = PBXFileReference; fileEncoding = 4; lastKnownFileType = text.plist.xml; path = Info.plist; sourceTree = "<group>"; };
		4165E583211DC2A200F6A0E9 /* MDMRootViewController.h */ = {isa = PBXFileReference; lastKnownFileType = sourcecode.c.h; path = MDMRootViewController.h; sourceTree = "<group>"; };
		4165E584211DC2A200F6A0E9 /* MDMRootViewController.m */ = {isa = PBXFileReference; lastKnownFileType = sourcecode.c.objc; path = MDMRootViewController.m; sourceTree = "<group>"; };
		4165E5A82121B67E00F6A0E9 /* GIFFileTool.h */ = {isa = PBXFileReference; lastKnownFileType = sourcecode.c.h; path = GIFFileTool.h; sourceTree = "<group>"; };
		4165E5A92121B67E00F6A0E9 /* GIFFileTool.m */ = {isa = PBXFileReference; lastKnownFileType = sourcecode.c.objc; path = GIFFileTool.m; sourceTree = "<group>"; };
/* End PBXFileReference section */

/* Begin PBXFrameworksBuildPhase section */
		4165E555211DC19A00F6A0E9 /* Frameworks */ = {
			isa = PBXFrameworksBuildPhase;
			buildActionMask = 2147483647;
			files = (
			);
			runOnlyForDeploymentPostprocessing = 0;
		};
/* End PBXFrameworksBuildPhase section */

/* Begin PBXGroup section */
		4114539021201C2200FD7258 /* ImageAndGraphics */ = {
			isa = PBXGroup;
			children = (
				4114539121201C3600FD7258 /* GIFSpeedViewController.h */,
				4114539221201C3600FD7258 /* GIFSpeedViewController.m */,
				4165E5A82121B67E00F6A0E9 /* GIFFileTool.h */,
				4165E5A92121B67E00F6A0E9 /* GIFFileTool.m */,
			);
			path = ImageAndGraphics;
			sourceTree = "<group>";
		};
		4165E54F211DC19A00F6A0E9 = {
			isa = PBXGroup;
			children = (
				4165E55A211DC19A00F6A0E9 /* Valhalla */,
				4165E559211DC19A00F6A0E9 /* Products */,
			);
			sourceTree = "<group>";
		};
		4165E559211DC19A00F6A0E9 /* Products */ = {
			isa = PBXGroup;
			children = (
				4165E558211DC19A00F6A0E9 /* Valhalla.app */,
			);
			name = Products;
			sourceTree = "<group>";
		};
		4165E55A211DC19A00F6A0E9 /* Valhalla */ = {
			isa = PBXGroup;
			children = (
				4114539021201C2200FD7258 /* ImageAndGraphics */,
				4165E582211DC29200F6A0E9 /* Core */,
				4165E571211DC20F00F6A0E9 /* Supporting Files */,
			);
			path = Valhalla;
			sourceTree = "<group>";
		};
		4165E571211DC20F00F6A0E9 /* Supporting Files */ = {
			isa = PBXGroup;
			children = (
				4165E572211DC20F00F6A0E9 /* AppDelegate.h */,
				4165E579211DC20F00F6A0E9 /* AppDelegate.m */,
				4165E573211DC20F00F6A0E9 /* Assets.xcassets */,
				4165E574211DC20F00F6A0E9 /* LaunchScreen.storyboard */,
				4165E576211DC20F00F6A0E9 /* Main.storyboard */,
				4165E578211DC20F00F6A0E9 /* main.m */,
				4165E57A211DC20F00F6A0E9 /* Info.plist */,
			);
			path = "Supporting Files";
			sourceTree = "<group>";
		};
		4165E582211DC29200F6A0E9 /* Core */ = {
			isa = PBXGroup;
			children = (
				4165E583211DC2A200F6A0E9 /* MDMRootViewController.h */,
				4165E584211DC2A200F6A0E9 /* MDMRootViewController.m */,
				4114538A211EEFD100FD7258 /* MDMSectionModel.h */,
				4114538B211EEFD100FD7258 /* MDMSectionModel.m */,
				4114538D211EF53C00FD7258 /* MDMRowModel.h */,
				4114538E211EF53C00FD7258 /* MDMRowModel.m */,
			);
			path = Core;
			sourceTree = "<group>";
		};
/* End PBXGroup section */

/* Begin PBXNativeTarget section */
		4165E557211DC19A00F6A0E9 /* Valhalla */ = {
			isa = PBXNativeTarget;
			buildConfigurationList = 4165E56E211DC19C00F6A0E9 /* Build configuration list for PBXNativeTarget "Valhalla" */;
			buildPhases = (
				4165E554211DC19A00F6A0E9 /* Sources */,
				4165E555211DC19A00F6A0E9 /* Frameworks */,
				4165E556211DC19A00F6A0E9 /* Resources */,
			);
			buildRules = (
			);
			dependencies = (
			);
			name = Valhalla;
			productName = Valhalla;
			productReference = 4165E558211DC19A00F6A0E9 /* Valhalla.app */;
			productType = "com.apple.product-type.application";
		};
/* End PBXNativeTarget section */

/* Begin PBXProject section */
		4165E550211DC19A00F6A0E9 /* Project object */ = {
			isa = PBXProject;
			attributes = {
				LastUpgradeCheck = 0940;
				ORGANIZATIONNAME = mademao;
				TargetAttributes = {
					4165E557211DC19A00F6A0E9 = {
						CreatedOnToolsVersion = 9.4.1;
					};
				};
			};
			buildConfigurationList = 4165E553211DC19A00F6A0E9 /* Build configuration list for PBXProject "Valhalla" */;
			compatibilityVersion = "Xcode 9.3";
			developmentRegion = en;
			hasScannedForEncodings = 0;
			knownRegions = (
				en,
				Base,
			);
			mainGroup = 4165E54F211DC19A00F6A0E9;
			productRefGroup = 4165E559211DC19A00F6A0E9 /* Products */;
			projectDirPath = "";
			projectRoot = "";
			targets = (
				4165E557211DC19A00F6A0E9 /* Valhalla */,
			);
		};
/* End PBXProject section */

/* Begin PBXResourcesBuildPhase section */
		4165E556211DC19A00F6A0E9 /* Resources */ = {
			isa = PBXResourcesBuildPhase;
			buildActionMask = 2147483647;
			files = (
				4165E580211DC20F00F6A0E9 /* Info.plist in Resources */,
				4165E57D211DC20F00F6A0E9 /* Main.storyboard in Resources */,
				4165E57B211DC20F00F6A0E9 /* Assets.xcassets in Resources */,
				4165E57C211DC20F00F6A0E9 /* LaunchScreen.storyboard in Resources */,
			);
			runOnlyForDeploymentPostprocessing = 0;
		};
/* End PBXResourcesBuildPhase section */

/* Begin PBXSourcesBuildPhase section */
		4165E554211DC19A00F6A0E9 /* Sources */ = {
			isa = PBXSourcesBuildPhase;
			buildActionMask = 2147483647;
			files = (
				4114538C211EEFD100FD7258 /* MDMSectionModel.m in Sources */,
				4114538F211EF53C00FD7258 /* MDMRowModel.m in Sources */,
				4165E57F211DC20F00F6A0E9 /* AppDelegate.m in Sources */,
				4114539321201C3600FD7258 /* GIFSpeedViewController.m in Sources */,
				4165E57E211DC20F00F6A0E9 /* main.m in Sources */,
				4165E585211DC2A200F6A0E9 /* MDMRootViewController.m in Sources */,
				4165E5AA2121B67E00F6A0E9 /* GIFFileTool.m in Sources */,
			);
			runOnlyForDeploymentPostprocessing = 0;
		};
/* End PBXSourcesBuildPhase section */

/* Begin PBXVariantGroup section */
		4165E574211DC20F00F6A0E9 /* LaunchScreen.storyboard */ = {
			isa = PBXVariantGroup;
			children = (
				4165E575211DC20F00F6A0E9 /* Base */,
			);
			name = LaunchScreen.storyboard;
			sourceTree = "<group>";
		};
		4165E576211DC20F00F6A0E9 /* Main.storyboard */ = {
			isa = PBXVariantGroup;
			children = (
				4165E577211DC20F00F6A0E9 /* Base */,
			);
			name = Main.storyboard;
			sourceTree = "<group>";
		};
/* End PBXVariantGroup section */

/* Begin XCBuildConfiguration section */
		4165E56C211DC19C00F6A0E9 /* Debug */ = {
			isa = XCBuildConfiguration;
			buildSettings = {
				ALWAYS_SEARCH_USER_PATHS = NO;
				CLANG_ANALYZER_NONNULL = YES;
				CLANG_ANALYZER_NUMBER_OBJECT_CONVERSION = YES_AGGRESSIVE;
				CLANG_CXX_LANGUAGE_STANDARD = "gnu++14";
				CLANG_CXX_LIBRARY = "libc++";
				CLANG_ENABLE_MODULES = YES;
				CLANG_ENABLE_OBJC_ARC = YES;
				CLANG_ENABLE_OBJC_WEAK = YES;
				CLANG_WARN_BLOCK_CAPTURE_AUTORELEASING = YES;
				CLANG_WARN_BOOL_CONVERSION = YES;
				CLANG_WARN_COMMA = YES;
				CLANG_WARN_CONSTANT_CONVERSION = YES;
				CLANG_WARN_DEPRECATED_OBJC_IMPLEMENTATIONS = YES;
				CLANG_WARN_DIRECT_OBJC_ISA_USAGE = YES_ERROR;
				CLANG_WARN_DOCUMENTATION_COMMENTS = YES;
				CLANG_WARN_EMPTY_BODY = YES;
				CLANG_WARN_ENUM_CONVERSION = YES;
				CLANG_WARN_INFINITE_RECURSION = YES;
				CLANG_WARN_INT_CONVERSION = YES;
				CLANG_WARN_NON_LITERAL_NULL_CONVERSION = YES;
				CLANG_WARN_OBJC_IMPLICIT_RETAIN_SELF = YES;
				CLANG_WARN_OBJC_LITERAL_CONVERSION = YES;
				CLANG_WARN_OBJC_ROOT_CLASS = YES_ERROR;
				CLANG_WARN_RANGE_LOOP_ANALYSIS = YES;
				CLANG_WARN_STRICT_PROTOTYPES = YES;
				CLANG_WARN_SUSPICIOUS_MOVE = YES;
				CLANG_WARN_UNGUARDED_AVAILABILITY = YES_AGGRESSIVE;
				CLANG_WARN_UNREACHABLE_CODE = YES;
				CLANG_WARN__DUPLICATE_METHOD_MATCH = YES;
				CODE_SIGN_IDENTITY = "iPhone Developer";
				COPY_PHASE_STRIP = NO;
				DEBUG_INFORMATION_FORMAT = dwarf;
				ENABLE_STRICT_OBJC_MSGSEND = YES;
				ENABLE_TESTABILITY = YES;
				GCC_C_LANGUAGE_STANDARD = gnu11;
				GCC_DYNAMIC_NO_PIC = NO;
				GCC_NO_COMMON_BLOCKS = YES;
				GCC_OPTIMIZATION_LEVEL = 0;
				GCC_PREPROCESSOR_DEFINITIONS = (
					"DEBUG=1",
					"$(inherited)",
				);
				GCC_WARN_64_TO_32_BIT_CONVERSION = YES;
				GCC_WARN_ABOUT_RETURN_TYPE = YES_ERROR;
				GCC_WARN_UNDECLARED_SELECTOR = YES;
				GCC_WARN_UNINITIALIZED_AUTOS = YES_AGGRESSIVE;
				GCC_WARN_UNUSED_FUNCTION = YES;
				GCC_WARN_UNUSED_VARIABLE = YES;
				IPHONEOS_DEPLOYMENT_TARGET = 11.4;
				MTL_ENABLE_DEBUG_INFO = YES;
				ONLY_ACTIVE_ARCH = YES;
				SDKROOT = iphoneos;
			};
			name = Debug;
		};
		4165E56D211DC19C00F6A0E9 /* Release */ = {
			isa = XCBuildConfiguration;
			buildSettings = {
				ALWAYS_SEARCH_USER_PATHS = NO;
				CLANG_ANALYZER_NONNULL = YES;
				CLANG_ANALYZER_NUMBER_OBJECT_CONVERSION = YES_AGGRESSIVE;
				CLANG_CXX_LANGUAGE_STANDARD = "gnu++14";
				CLANG_CXX_LIBRARY = "libc++";
				CLANG_ENABLE_MODULES = YES;
				CLANG_ENABLE_OBJC_ARC = YES;
				CLANG_ENABLE_OBJC_WEAK = YES;
				CLANG_WARN_BLOCK_CAPTURE_AUTORELEASING = YES;
				CLANG_WARN_BOOL_CONVERSION = YES;
				CLANG_WARN_COMMA = YES;
				CLANG_WARN_CONSTANT_CONVERSION = YES;
				CLANG_WARN_DEPRECATED_OBJC_IMPLEMENTATIONS = YES;
				CLANG_WARN_DIRECT_OBJC_ISA_USAGE = YES_ERROR;
				CLANG_WARN_DOCUMENTATION_COMMENTS = YES;
				CLANG_WARN_EMPTY_BODY = YES;
				CLANG_WARN_ENUM_CONVERSION = YES;
				CLANG_WARN_INFINITE_RECURSION = YES;
				CLANG_WARN_INT_CONVERSION = YES;
				CLANG_WARN_NON_LITERAL_NULL_CONVERSION = YES;
				CLANG_WARN_OBJC_IMPLICIT_RETAIN_SELF = YES;
				CLANG_WARN_OBJC_LITERAL_CONVERSION = YES;
				CLANG_WARN_OBJC_ROOT_CLASS = YES_ERROR;
				CLANG_WARN_RANGE_LOOP_ANALYSIS = YES;
				CLANG_WARN_STRICT_PROTOTYPES = YES;
				CLANG_WARN_SUSPICIOUS_MOVE = YES;
				CLANG_WARN_UNGUARDED_AVAILABILITY = YES_AGGRESSIVE;
				CLANG_WARN_UNREACHABLE_CODE = YES;
				CLANG_WARN__DUPLICATE_METHOD_MATCH = YES;
				CODE_SIGN_IDENTITY = "iPhone Developer";
				COPY_PHASE_STRIP = NO;
				DEBUG_INFORMATION_FORMAT = "dwarf-with-dsym";
				ENABLE_NS_ASSERTIONS = NO;
				ENABLE_STRICT_OBJC_MSGSEND = YES;
				GCC_C_LANGUAGE_STANDARD = gnu11;
				GCC_NO_COMMON_BLOCKS = YES;
				GCC_WARN_64_TO_32_BIT_CONVERSION = YES;
				GCC_WARN_ABOUT_RETURN_TYPE = YES_ERROR;
				GCC_WARN_UNDECLARED_SELECTOR = YES;
				GCC_WARN_UNINITIALIZED_AUTOS = YES_AGGRESSIVE;
				GCC_WARN_UNUSED_FUNCTION = YES;
				GCC_WARN_UNUSED_VARIABLE = YES;
				IPHONEOS_DEPLOYMENT_TARGET = 11.4;
				MTL_ENABLE_DEBUG_INFO = NO;
				SDKROOT = iphoneos;
				VALIDATE_PRODUCT = YES;
			};
			name = Release;
		};
		4165E56F211DC19C00F6A0E9 /* Debug */ = {
			isa = XCBuildConfiguration;
			buildSettings = {
				ASSETCATALOG_COMPILER_APPICON_NAME = AppIcon;
				CODE_SIGN_STYLE = Automatic;
				INFOPLIST_FILE = "$(SRCROOT)/Valhalla/Supporting Files/Info.plist";
				LD_RUNPATH_SEARCH_PATHS = (
					"$(inherited)",
					"@executable_path/Frameworks",
				);
				PRODUCT_BUNDLE_IDENTIFIER = com.mademao.Valhalla;
				PRODUCT_NAME = "$(TARGET_NAME)";
				TARGETED_DEVICE_FAMILY = "1,2";
			};
			name = Debug;
		};
		4165E570211DC19C00F6A0E9 /* Release */ = {
			isa = XCBuildConfiguration;
			buildSettings = {
				ASSETCATALOG_COMPILER_APPICON_NAME = AppIcon;
				CODE_SIGN_STYLE = Automatic;
				INFOPLIST_FILE = "$(SRCROOT)/Valhalla/Supporting Files/Info.plist";
				LD_RUNPATH_SEARCH_PATHS = (
					"$(inherited)",
					"@executable_path/Frameworks",
				);
				PRODUCT_BUNDLE_IDENTIFIER = com.mademao.Valhalla;
				PRODUCT_NAME = "$(TARGET_NAME)";
				TARGETED_DEVICE_FAMILY = "1,2";
			};
			name = Release;
		};
/* End XCBuildConfiguration section */

/* Begin XCConfigurationList section */
		4165E553211DC19A00F6A0E9 /* Build configuration list for PBXProject "Valhalla" */ = {
			isa = XCConfigurationList;
			buildConfigurations = (
				4165E56C211DC19C00F6A0E9 /* Debug */,
				4165E56D211DC19C00F6A0E9 /* Release */,
			);
			defaultConfigurationIsVisible = 0;
			defaultConfigurationName = Release;
		};
		4165E56E211DC19C00F6A0E9 /* Build configuration list for PBXNativeTarget "Valhalla" */ = {
			isa = XCConfigurationList;
			buildConfigurations = (
				4165E56F211DC19C00F6A0E9 /* Debug */,
				4165E570211DC19C00F6A0E9 /* Release */,
			);
			defaultConfigurationIsVisible = 0;
			defaultConfigurationName = Release;
		};
/* End XCConfigurationList section */
	};
	rootObject = 4165E550211DC19A00F6A0E9 /* Project object */;
}
