// !$*UTF8*$!
{
	archiveVersion = 1;
	classes = {
	};
	objectVersion = 50;
	objects = {

/* Begin PBXBuildFile section */
		411C3F812138172700DEAB36 /* Assets.xcassets in Resources */ = {isa = PBXBuildFile; fileRef = 411C3F332138172700DEAB36 /* Assets.xcassets */; };
		411C3F822138172700DEAB36 /* LaunchScreen.storyboard in Resources */ = {isa = PBXBuildFile; fileRef = 411C3F342138172700DEAB36 /* LaunchScreen.storyboard */; };
		411C3F832138172700DEAB36 /* Main.storyboard in Resources */ = {isa = PBXBuildFile; fileRef = 411C3F362138172700DEAB36 /* Main.storyboard */; };
		411C3F842138172700DEAB36 /* main.m in Sources */ = {isa = PBXBuildFile; fileRef = 411C3F382138172700DEAB36 /* main.m */; };
		411C3F852138172700DEAB36 /* AppDelegate.m in Sources */ = {isa = PBXBuildFile; fileRef = 411C3F392138172700DEAB36 /* AppDelegate.m */; };
		411C3F872138172700DEAB36 /* CyclicCardLayout.m in Sources */ = {isa = PBXBuildFile; fileRef = 411C3F3D2138172700DEAB36 /* CyclicCardLayout.m */; };
		411C3F882138172700DEAB36 /* CyclicCardLayoutViewController.m in Sources */ = {isa = PBXBuildFile; fileRef = 411C3F3F2138172700DEAB36 /* CyclicCardLayoutViewController.m */; };
		411C3F892138172700DEAB36 /* WaterflowLayoutViewController.m in Sources */ = {isa = PBXBuildFile; fileRef = 411C3F442138172700DEAB36 /* WaterflowLayoutViewController.m */; };
		411C3F8A2138172700DEAB36 /* WaterflowLayout.m in Sources */ = {isa = PBXBuildFile; fileRef = 411C3F452138172700DEAB36 /* WaterflowLayout.m */; };
		411C3F8B2138172700DEAB36 /* LeftJustifyLayoutViewController.m in Sources */ = {isa = PBXBuildFile; fileRef = 411C3F492138172700DEAB36 /* LeftJustifyLayoutViewController.m */; };
		411C3F8C2138172700DEAB36 /* LeftJustifyLayout.m in Sources */ = {isa = PBXBuildFile; fileRef = 411C3F4A2138172700DEAB36 /* LeftJustifyLayout.m */; };
		411C3F8D2138172700DEAB36 /* ClassB.m in Sources */ = {isa = PBXBuildFile; fileRef = 411C3F4E2138172700DEAB36 /* ClassB.m */; };
		411C3F8E2138172700DEAB36 /* ClassA.m in Sources */ = {isa = PBXBuildFile; fileRef = 411C3F502138172700DEAB36 /* ClassA.m */; };
		411C3F8F2138172700DEAB36 /* MessageForwardingViewController.m in Sources */ = {isa = PBXBuildFile; fileRef = 411C3F522138172700DEAB36 /* MessageForwardingViewController.m */; };
		411C3F902138172700DEAB36 /* ClassC.m in Sources */ = {isa = PBXBuildFile; fileRef = 411C3F542138172700DEAB36 /* ClassC.m */; };
		411C3F912138172700DEAB36 /* MDMRootViewController.m in Sources */ = {isa = PBXBuildFile; fileRef = 411C3F562138172700DEAB36 /* MDMRootViewController.m */; };
		411C3F922138172700DEAB36 /* MDMRowModel.m in Sources */ = {isa = PBXBuildFile; fileRef = 411C3F5C2138172700DEAB36 /* MDMRowModel.m */; };
		411C3F932138172700DEAB36 /* MDMSectionModel.m in Sources */ = {isa = PBXBuildFile; fileRef = 411C3F5D2138172700DEAB36 /* MDMSectionModel.m */; };
		411C3F942138172700DEAB36 /* GIFFileTool.m in Sources */ = {isa = PBXBuildFile; fileRef = 411C3F602138172700DEAB36 /* GIFFileTool.m */; };
		411C3F952138172700DEAB36 /* GIFSpeedViewController.m in Sources */ = {isa = PBXBuildFile; fileRef = 411C3F632138172700DEAB36 /* GIFSpeedViewController.m */; };
		411C3F962138172700DEAB36 /* DigitScrollViewController.m in Sources */ = {isa = PBXBuildFile; fileRef = 411C3F672138172700DEAB36 /* DigitScrollViewController.m */; };
		411C3F972138172700DEAB36 /* DigitScrollView.m in Sources */ = {isa = PBXBuildFile; fileRef = 411C3F692138172700DEAB36 /* DigitScrollView.m */; };
		411C3F982138172700DEAB36 /* FormTableViewController.m in Sources */ = {isa = PBXBuildFile; fileRef = 411C3F6B2138172700DEAB36 /* FormTableViewController.m */; };
		411C3F992138172700DEAB36 /* FormTableView.m in Sources */ = {isa = PBXBuildFile; fileRef = 411C3F6C2138172700DEAB36 /* FormTableView.m */; };
		411C3F9A2138172700DEAB36 /* FormScrollLabel.m in Sources */ = {isa = PBXBuildFile; fileRef = 411C3F712138172700DEAB36 /* FormScrollLabel.m */; };
		411C3F9B2138172700DEAB36 /* Player.m in Sources */ = {isa = PBXBuildFile; fileRef = 411C3F722138172700DEAB36 /* Player.m */; };
		411C3F9C2138172700DEAB36 /* KeychainItemWrapper.m in Sources */ = {isa = PBXBuildFile; fileRef = 411C3F742138172700DEAB36 /* KeychainItemWrapper.m */; settings = {COMPILER_FLAGS = "-fno-objc-arc"; }; };
		411C3F9D2138172700DEAB36 /* KeychainViewController.m in Sources */ = {isa = PBXBuildFile; fileRef = 411C3F752138172700DEAB36 /* KeychainViewController.m */; };
		411C3F9E2138172700DEAB36 /* KeychainUtil.swift in Sources */ = {isa = PBXBuildFile; fileRef = 411C3F782138172700DEAB36 /* KeychainUtil.swift */; };
		411C3F9F2138172700DEAB36 /* KeychainUtil.m in Sources */ = {isa = PBXBuildFile; fileRef = 411C3F7A2138172700DEAB36 /* KeychainUtil.m */; };
		411C3FA02138172700DEAB36 /* SortViewController.m in Sources */ = {isa = PBXBuildFile; fileRef = 411C3F7D2138172700DEAB36 /* SortViewController.m */; };
		411C3FA12138172700DEAB36 /* SortTool.m in Sources */ = {isa = PBXBuildFile; fileRef = 411C3F7F2138172700DEAB36 /* SortTool.m */; };
		414DB6CD2152783800B8F1F6 /* PickUpColorViewController.m in Sources */ = {isa = PBXBuildFile; fileRef = 414DB6CC2152783800B8F1F6 /* PickUpColorViewController.m */; };
		414DB6D42154C19000B8F1F6 /* CreateQRCodeViewController.m in Sources */ = {isa = PBXBuildFile; fileRef = 414DB6D32154C19000B8F1F6 /* CreateQRCodeViewController.m */; };
		4167C806215BBAB800C40E50 /* TableViewCellExtensionViewController.m in Sources */ = {isa = PBXBuildFile; fileRef = 4167C805215BBAB800C40E50 /* TableViewCellExtensionViewController.m */; };
		4193345821D39DC000B53BD7 /* CoreTextViewController.m in Sources */ = {isa = PBXBuildFile; fileRef = 4193345721D39DC000B53BD7 /* CoreTextViewController.m */; };
		4193345B21D39DD400B53BD7 /* CoreTextView.m in Sources */ = {isa = PBXBuildFile; fileRef = 4193345A21D39DD400B53BD7 /* CoreTextView.m */; };
		4193345E21D39E6300B53BD7 /* CoreTextLayer.m in Sources */ = {isa = PBXBuildFile; fileRef = 4193345D21D39E6300B53BD7 /* CoreTextLayer.m */; };
		4199EBFD214BE6BC001AE878 /* StoreReviewViewController.m in Sources */ = {isa = PBXBuildFile; fileRef = 4199EBFC214BE6BC001AE878 /* StoreReviewViewController.m */; };
		41B26A04215511A7007DD3AC /* QRCodeCreater.m in Sources */ = {isa = PBXBuildFile; fileRef = 41B26A03215511A7007DD3AC /* QRCodeCreater.m */; };
		41B26A0821552259007DD3AC /* CreatePDFViewController.m in Sources */ = {isa = PBXBuildFile; fileRef = 41B26A0721552258007DD3AC /* CreatePDFViewController.m */; };
		41B383EA21493555002E6590 /* PointToScreenTranstionViewController.m in Sources */ = {isa = PBXBuildFile; fileRef = 41B383E921493555002E6590 /* PointToScreenTranstionViewController.m */; };
		41B383ED21493802002E6590 /* PointToScreenTranstion.m in Sources */ = {isa = PBXBuildFile; fileRef = 41B383EC21493802002E6590 /* PointToScreenTranstion.m */; };
		41B383F021493BB2002E6590 /* PointToScreenTranstionPresentedViewController.m in Sources */ = {isa = PBXBuildFile; fileRef = 41B383EF21493BB2002E6590 /* PointToScreenTranstionPresentedViewController.m */; };
		41B7995B21469EC8001A632F /* NavigationAnimationPushedViewController.m in Sources */ = {isa = PBXBuildFile; fileRef = 41B7995A21469EC8001A632F /* NavigationAnimationPushedViewController.m */; };
		41B7995E21469F4F001A632F /* NavigationAnimation.m in Sources */ = {isa = PBXBuildFile; fileRef = 41B7995D21469F4F001A632F /* NavigationAnimation.m */; };
		41B84127216B8B7700B62FDB /* ImageOrientationViewController.m in Sources */ = {isa = PBXBuildFile; fileRef = 41B84126216B8B7700B62FDB /* ImageOrientationViewController.m */; };
		41B8412A216B8BC800B62FDB /* UIImage+FixOrientation.m in Sources */ = {isa = PBXBuildFile; fileRef = 41B84129216B8BC800B62FDB /* UIImage+FixOrientation.m */; };
		41B8412D216C5FA600B62FDB /* ImageOrientationDetailViewController.m in Sources */ = {isa = PBXBuildFile; fileRef = 41B8412C216C5FA600B62FDB /* ImageOrientationDetailViewController.m */; };
		41B841852170CF3C00B62FDB /* ForceTouchViewController.m in Sources */ = {isa = PBXBuildFile; fileRef = 41B841842170CF3C00B62FDB /* ForceTouchViewController.m */; };
		41CD2469215D0721003EE7D1 /* list.json in Resources */ = {isa = PBXBuildFile; fileRef = 41CD2468215D0721003EE7D1 /* list.json */; };
		41CD24AA215E58AD003EE7D1 /* TableViewCellExtensionHeaderView.m in Sources */ = {isa = PBXBuildFile; fileRef = 41CD24A9215E58AD003EE7D1 /* TableViewCellExtensionHeaderView.m */; };
		41CD24AF215FA73E003EE7D1 /* ImageTableViewViewController.m in Sources */ = {isa = PBXBuildFile; fileRef = 41CD24AE215FA73E003EE7D1 /* ImageTableViewViewController.m */; };
		41CD25412160EDDC003EE7D1 /* VideoPlayerViewController.m in Sources */ = {isa = PBXBuildFile; fileRef = 41CD25402160EDDC003EE7D1 /* VideoPlayerViewController.m */; };
		41CD25442160EE28003EE7D1 /* VideoPlayerView.m in Sources */ = {isa = PBXBuildFile; fileRef = 41CD25432160EE28003EE7D1 /* VideoPlayerView.m */; };
		41CF3A5421411EDD000FC5B3 /* GlutinousViewViewController.m in Sources */ = {isa = PBXBuildFile; fileRef = 41CF3A5321411EDD000FC5B3 /* GlutinousViewViewController.m */; };
		41CF3A5721412027000FC5B3 /* GlutinousView.m in Sources */ = {isa = PBXBuildFile; fileRef = 41CF3A5621412026000FC5B3 /* GlutinousView.m */; };
		41CF3AA92142A951000FC5B3 /* TurnAroundButtonViewController.m in Sources */ = {isa = PBXBuildFile; fileRef = 41CF3AA82142A951000FC5B3 /* TurnAroundButtonViewController.m */; };
		41CF3AAC2142AA09000FC5B3 /* TurnAroundButton.m in Sources */ = {isa = PBXBuildFile; fileRef = 41CF3AAB2142AA09000FC5B3 /* TurnAroundButton.m */; };
		41CF3AB12142B047000FC5B3 /* NavigationAnimationViewController.m in Sources */ = {isa = PBXBuildFile; fileRef = 41CF3AB02142B047000FC5B3 /* NavigationAnimationViewController.m */; };
		41E740A7215A635C0029C91D /* CreatePDFPreviewView.m in Sources */ = {isa = PBXBuildFile; fileRef = 41E740A6215A635C0029C91D /* CreatePDFPreviewView.m */; };
		41EEBCD72176147E00EE5058 /* ForceTouchDetailViewController.m in Sources */ = {isa = PBXBuildFile; fileRef = 41EEBCD62176147E00EE5058 /* ForceTouchDetailViewController.m */; };
		81F947615183889FE734590E /* Pods_Valhalla.framework in Frameworks */ = {isa = PBXBuildFile; fileRef = 34DDC438D7A6E57F2DEC1D97 /* Pods_Valhalla.framework */; };
/* End PBXBuildFile section */

/* Begin PBXFileReference section */
		0CCE649E960A006EEA3DDA81 /* Pods-Valhalla.release.xcconfig */ = {isa = PBXFileReference; includeInIndex = 1; lastKnownFileType = text.xcconfig; name = "Pods-Valhalla.release.xcconfig"; path = "../Pods/Target Support Files/Pods-Valhalla/Pods-Valhalla.release.xcconfig"; sourceTree = "<group>"; };
		34DDC438D7A6E57F2DEC1D97 /* Pods_Valhalla.framework */ = {isa = PBXFileReference; explicitFileType = wrapper.framework; includeInIndex = 0; path = Pods_Valhalla.framework; sourceTree = BUILT_PRODUCTS_DIR; };
		411C3F18213816F200DEAB36 /* Valhalla.app */ = {isa = PBXFileReference; explicitFileType = wrapper.application; includeInIndex = 0; path = Valhalla.app; sourceTree = BUILT_PRODUCTS_DIR; };
		411C3F322138172700DEAB36 /* AppDelegate.h */ = {isa = PBXFileReference; fileEncoding = 4; lastKnownFileType = sourcecode.c.h; path = AppDelegate.h; sourceTree = "<group>"; };
		411C3F332138172700DEAB36 /* Assets.xcassets */ = {isa = PBXFileReference; lastKnownFileType = folder.assetcatalog; path = Assets.xcassets; sourceTree = "<group>"; };
		411C3F352138172700DEAB36 /* Base */ = {isa = PBXFileReference; lastKnownFileType = file.storyboard; name = Base; path = Base.lproj/LaunchScreen.storyboard; sourceTree = "<group>"; };
		411C3F372138172700DEAB36 /* Base */ = {isa = PBXFileReference; lastKnownFileType = file.storyboard; name = Base; path = Base.lproj/Main.storyboard; sourceTree = "<group>"; };
		411C3F382138172700DEAB36 /* main.m */ = {isa = PBXFileReference; fileEncoding = 4; lastKnownFileType = sourcecode.c.objc; path = main.m; sourceTree = "<group>"; };
		411C3F392138172700DEAB36 /* AppDelegate.m */ = {isa = PBXFileReference; fileEncoding = 4; lastKnownFileType = sourcecode.c.objc; path = AppDelegate.m; sourceTree = "<group>"; };
		411C3F3A2138172700DEAB36 /* Info.plist */ = {isa = PBXFileReference; fileEncoding = 4; lastKnownFileType = text.plist.xml; path = Info.plist; sourceTree = "<group>"; };
		411C3F3D2138172700DEAB36 /* CyclicCardLayout.m */ = {isa = PBXFileReference; fileEncoding = 4; lastKnownFileType = sourcecode.c.objc; path = CyclicCardLayout.m; sourceTree = "<group>"; };
		411C3F3E2138172700DEAB36 /* CyclicCardLayoutViewController.h */ = {isa = PBXFileReference; fileEncoding = 4; lastKnownFileType = sourcecode.c.h; path = CyclicCardLayoutViewController.h; sourceTree = "<group>"; };
		411C3F3F2138172700DEAB36 /* CyclicCardLayoutViewController.m */ = {isa = PBXFileReference; fileEncoding = 4; lastKnownFileType = sourcecode.c.objc; path = CyclicCardLayoutViewController.m; sourceTree = "<group>"; };
		411C3F402138172700DEAB36 /* CyclicCardLayout.h */ = {isa = PBXFileReference; fileEncoding = 4; lastKnownFileType = sourcecode.c.h; path = CyclicCardLayout.h; sourceTree = "<group>"; };
		411C3F422138172700DEAB36 /* WaterflowLayoutViewController.h */ = {isa = PBXFileReference; fileEncoding = 4; lastKnownFileType = sourcecode.c.h; path = WaterflowLayoutViewController.h; sourceTree = "<group>"; };
		411C3F432138172700DEAB36 /* WaterflowLayout.h */ = {isa = PBXFileReference; fileEncoding = 4; lastKnownFileType = sourcecode.c.h; path = WaterflowLayout.h; sourceTree = "<group>"; };
		411C3F442138172700DEAB36 /* WaterflowLayoutViewController.m */ = {isa = PBXFileReference; fileEncoding = 4; lastKnownFileType = sourcecode.c.objc; path = WaterflowLayoutViewController.m; sourceTree = "<group>"; };
		411C3F452138172700DEAB36 /* WaterflowLayout.m */ = {isa = PBXFileReference; fileEncoding = 4; lastKnownFileType = sourcecode.c.objc; path = WaterflowLayout.m; sourceTree = "<group>"; };
		411C3F472138172700DEAB36 /* LeftJustifyLayoutViewController.h */ = {isa = PBXFileReference; fileEncoding = 4; lastKnownFileType = sourcecode.c.h; path = LeftJustifyLayoutViewController.h; sourceTree = "<group>"; };
		411C3F482138172700DEAB36 /* LeftJustifyLayout.h */ = {isa = PBXFileReference; fileEncoding = 4; lastKnownFileType = sourcecode.c.h; path = LeftJustifyLayout.h; sourceTree = "<group>"; };
		411C3F492138172700DEAB36 /* LeftJustifyLayoutViewController.m */ = {isa = PBXFileReference; fileEncoding = 4; lastKnownFileType = sourcecode.c.objc; path = LeftJustifyLayoutViewController.m; sourceTree = "<group>"; };
		411C3F4A2138172700DEAB36 /* LeftJustifyLayout.m */ = {isa = PBXFileReference; fileEncoding = 4; lastKnownFileType = sourcecode.c.objc; path = LeftJustifyLayout.m; sourceTree = "<group>"; };
		411C3F4D2138172700DEAB36 /* MessageForwardingViewController.h */ = {isa = PBXFileReference; fileEncoding = 4; lastKnownFileType = sourcecode.c.h; path = MessageForwardingViewController.h; sourceTree = "<group>"; };
		411C3F4E2138172700DEAB36 /* ClassB.m */ = {isa = PBXFileReference; fileEncoding = 4; lastKnownFileType = sourcecode.c.objc; path = ClassB.m; sourceTree = "<group>"; };
		411C3F4F2138172700DEAB36 /* ClassC.h */ = {isa = PBXFileReference; fileEncoding = 4; lastKnownFileType = sourcecode.c.h; path = ClassC.h; sourceTree = "<group>"; };
		411C3F502138172700DEAB36 /* ClassA.m */ = {isa = PBXFileReference; fileEncoding = 4; lastKnownFileType = sourcecode.c.objc; path = ClassA.m; sourceTree = "<group>"; };
		411C3F512138172700DEAB36 /* ClassB.h */ = {isa = PBXFileReference; fileEncoding = 4; lastKnownFileType = sourcecode.c.h; path = ClassB.h; sourceTree = "<group>"; };
		411C3F522138172700DEAB36 /* MessageForwardingViewController.m */ = {isa = PBXFileReference; fileEncoding = 4; lastKnownFileType = sourcecode.c.objc; path = MessageForwardingViewController.m; sourceTree = "<group>"; };
		411C3F532138172700DEAB36 /* ClassA.h */ = {isa = PBXFileReference; fileEncoding = 4; lastKnownFileType = sourcecode.c.h; path = ClassA.h; sourceTree = "<group>"; };
		411C3F542138172700DEAB36 /* ClassC.m */ = {isa = PBXFileReference; fileEncoding = 4; lastKnownFileType = sourcecode.c.objc; path = ClassC.m; sourceTree = "<group>"; };
		411C3F562138172700DEAB36 /* MDMRootViewController.m */ = {isa = PBXFileReference; fileEncoding = 4; lastKnownFileType = sourcecode.c.objc; path = MDMRootViewController.m; sourceTree = "<group>"; };
		411C3F572138172700DEAB36 /* MDMSectionModel.h */ = {isa = PBXFileReference; fileEncoding = 4; lastKnownFileType = sourcecode.c.h; path = MDMSectionModel.h; sourceTree = "<group>"; };
		411C3F582138172700DEAB36 /* MDMRowModel.h */ = {isa = PBXFileReference; fileEncoding = 4; lastKnownFileType = sourcecode.c.h; path = MDMRowModel.h; sourceTree = "<group>"; };
		411C3F592138172700DEAB36 /* MDMRootViewController.h */ = {isa = PBXFileReference; fileEncoding = 4; lastKnownFileType = sourcecode.c.h; path = MDMRootViewController.h; sourceTree = "<group>"; };
		411C3F5A2138172700DEAB36 /* Valhalla-Bridging-Header.h */ = {isa = PBXFileReference; fileEncoding = 4; lastKnownFileType = sourcecode.c.h; path = "Valhalla-Bridging-Header.h"; sourceTree = "<group>"; };
		411C3F5B2138172700DEAB36 /* PrefixHeader.pch */ = {isa = PBXFileReference; fileEncoding = 4; lastKnownFileType = sourcecode.c.h; path = PrefixHeader.pch; sourceTree = "<group>"; };
		411C3F5C2138172700DEAB36 /* MDMRowModel.m */ = {isa = PBXFileReference; fileEncoding = 4; lastKnownFileType = sourcecode.c.objc; path = MDMRowModel.m; sourceTree = "<group>"; };
		411C3F5D2138172700DEAB36 /* MDMSectionModel.m */ = {isa = PBXFileReference; fileEncoding = 4; lastKnownFileType = sourcecode.c.objc; path = MDMSectionModel.m; sourceTree = "<group>"; };
		411C3F602138172700DEAB36 /* GIFFileTool.m */ = {isa = PBXFileReference; fileEncoding = 4; lastKnownFileType = sourcecode.c.objc; path = GIFFileTool.m; sourceTree = "<group>"; };
		411C3F612138172700DEAB36 /* GIFSpeedViewController.h */ = {isa = PBXFileReference; fileEncoding = 4; lastKnownFileType = sourcecode.c.h; path = GIFSpeedViewController.h; sourceTree = "<group>"; };
		411C3F622138172700DEAB36 /* GIFFileTool.h */ = {isa = PBXFileReference; fileEncoding = 4; lastKnownFileType = sourcecode.c.h; path = GIFFileTool.h; sourceTree = "<group>"; };
		411C3F632138172700DEAB36 /* GIFSpeedViewController.m */ = {isa = PBXFileReference; fileEncoding = 4; lastKnownFileType = sourcecode.c.objc; path = GIFSpeedViewController.m; sourceTree = "<group>"; };
		411C3F662138172700DEAB36 /* DigitScrollView.h */ = {isa = PBXFileReference; fileEncoding = 4; lastKnownFileType = sourcecode.c.h; path = DigitScrollView.h; sourceTree = "<group>"; };
		411C3F672138172700DEAB36 /* DigitScrollViewController.m */ = {isa = PBXFileReference; fileEncoding = 4; lastKnownFileType = sourcecode.c.objc; path = DigitScrollViewController.m; sourceTree = "<group>"; };
		411C3F682138172700DEAB36 /* DigitScrollViewController.h */ = {isa = PBXFileReference; fileEncoding = 4; lastKnownFileType = sourcecode.c.h; path = DigitScrollViewController.h; sourceTree = "<group>"; };
		411C3F692138172700DEAB36 /* DigitScrollView.m */ = {isa = PBXFileReference; fileEncoding = 4; lastKnownFileType = sourcecode.c.objc; path = DigitScrollView.m; sourceTree = "<group>"; };
		411C3F6B2138172700DEAB36 /* FormTableViewController.m */ = {isa = PBXFileReference; fileEncoding = 4; lastKnownFileType = sourcecode.c.objc; path = FormTableViewController.m; sourceTree = "<group>"; };
		411C3F6C2138172700DEAB36 /* FormTableView.m */ = {isa = PBXFileReference; fileEncoding = 4; lastKnownFileType = sourcecode.c.objc; path = FormTableView.m; sourceTree = "<group>"; };
		411C3F6D2138172700DEAB36 /* Player.h */ = {isa = PBXFileReference; fileEncoding = 4; lastKnownFileType = sourcecode.c.h; path = Player.h; sourceTree = "<group>"; };
		411C3F6E2138172700DEAB36 /* FormScrollLabel.h */ = {isa = PBXFileReference; fileEncoding = 4; lastKnownFileType = sourcecode.c.h; path = FormScrollLabel.h; sourceTree = "<group>"; };
		411C3F6F2138172700DEAB36 /* FormTableViewController.h */ = {isa = PBXFileReference; fileEncoding = 4; lastKnownFileType = sourcecode.c.h; path = FormTableViewController.h; sourceTree = "<group>"; };
		411C3F702138172700DEAB36 /* FormTableView.h */ = {isa = PBXFileReference; fileEncoding = 4; lastKnownFileType = sourcecode.c.h; path = FormTableView.h; sourceTree = "<group>"; };
		411C3F712138172700DEAB36 /* FormScrollLabel.m */ = {isa = PBXFileReference; fileEncoding = 4; lastKnownFileType = sourcecode.c.objc; path = FormScrollLabel.m; sourceTree = "<group>"; };
		411C3F722138172700DEAB36 /* Player.m */ = {isa = PBXFileReference; fileEncoding = 4; lastKnownFileType = sourcecode.c.objc; path = Player.m; sourceTree = "<group>"; };
		411C3F742138172700DEAB36 /* KeychainItemWrapper.m */ = {isa = PBXFileReference; fileEncoding = 4; lastKnownFileType = sourcecode.c.objc; path = KeychainItemWrapper.m; sourceTree = "<group>"; };
		411C3F752138172700DEAB36 /* KeychainViewController.m */ = {isa = PBXFileReference; fileEncoding = 4; lastKnownFileType = sourcecode.c.objc; path = KeychainViewController.m; sourceTree = "<group>"; };
		411C3F762138172700DEAB36 /* KeychainUtil.h */ = {isa = PBXFileReference; fileEncoding = 4; lastKnownFileType = sourcecode.c.h; path = KeychainUtil.h; sourceTree = "<group>"; };
		411C3F772138172700DEAB36 /* KeychainItemWrapper.h */ = {isa = PBXFileReference; fileEncoding = 4; lastKnownFileType = sourcecode.c.h; path = KeychainItemWrapper.h; sourceTree = "<group>"; };
		411C3F782138172700DEAB36 /* KeychainUtil.swift */ = {isa = PBXFileReference; fileEncoding = 4; lastKnownFileType = sourcecode.swift; path = KeychainUtil.swift; sourceTree = "<group>"; };
		411C3F792138172700DEAB36 /* KeychainViewController.h */ = {isa = PBXFileReference; fileEncoding = 4; lastKnownFileType = sourcecode.c.h; path = KeychainViewController.h; sourceTree = "<group>"; };
		411C3F7A2138172700DEAB36 /* KeychainUtil.m */ = {isa = PBXFileReference; fileEncoding = 4; lastKnownFileType = sourcecode.c.objc; path = KeychainUtil.m; sourceTree = "<group>"; };
		411C3F7D2138172700DEAB36 /* SortViewController.m */ = {isa = PBXFileReference; fileEncoding = 4; lastKnownFileType = sourcecode.c.objc; path = SortViewController.m; sourceTree = "<group>"; };
		411C3F7E2138172700DEAB36 /* SortTool.h */ = {isa = PBXFileReference; fileEncoding = 4; lastKnownFileType = sourcecode.c.h; path = SortTool.h; sourceTree = "<group>"; };
		411C3F7F2138172700DEAB36 /* SortTool.m */ = {isa = PBXFileReference; fileEncoding = 4; lastKnownFileType = sourcecode.c.objc; path = SortTool.m; sourceTree = "<group>"; };
		411C3F802138172700DEAB36 /* SortViewController.h */ = {isa = PBXFileReference; fileEncoding = 4; lastKnownFileType = sourcecode.c.h; path = SortViewController.h; sourceTree = "<group>"; };
		414DB6CB2152783800B8F1F6 /* PickUpColorViewController.h */ = {isa = PBXFileReference; lastKnownFileType = sourcecode.c.h; path = PickUpColorViewController.h; sourceTree = "<group>"; };
		414DB6CC2152783800B8F1F6 /* PickUpColorViewController.m */ = {isa = PBXFileReference; lastKnownFileType = sourcecode.c.objc; path = PickUpColorViewController.m; sourceTree = "<group>"; };
		414DB6D22154C19000B8F1F6 /* CreateQRCodeViewController.h */ = {isa = PBXFileReference; lastKnownFileType = sourcecode.c.h; path = CreateQRCodeViewController.h; sourceTree = "<group>"; };
		414DB6D32154C19000B8F1F6 /* CreateQRCodeViewController.m */ = {isa = PBXFileReference; lastKnownFileType = sourcecode.c.objc; path = CreateQRCodeViewController.m; sourceTree = "<group>"; };
		4167C804215BBAB800C40E50 /* TableViewCellExtensionViewController.h */ = {isa = PBXFileReference; lastKnownFileType = sourcecode.c.h; path = TableViewCellExtensionViewController.h; sourceTree = "<group>"; };
		4167C805215BBAB800C40E50 /* TableViewCellExtensionViewController.m */ = {isa = PBXFileReference; lastKnownFileType = sourcecode.c.objc; path = TableViewCellExtensionViewController.m; sourceTree = "<group>"; };
		4193345621D39DC000B53BD7 /* CoreTextViewController.h */ = {isa = PBXFileReference; lastKnownFileType = sourcecode.c.h; path = CoreTextViewController.h; sourceTree = "<group>"; };
		4193345721D39DC000B53BD7 /* CoreTextViewController.m */ = {isa = PBXFileReference; lastKnownFileType = sourcecode.c.objc; path = CoreTextViewController.m; sourceTree = "<group>"; };
		4193345921D39DD400B53BD7 /* CoreTextView.h */ = {isa = PBXFileReference; lastKnownFileType = sourcecode.c.h; path = CoreTextView.h; sourceTree = "<group>"; };
		4193345A21D39DD400B53BD7 /* CoreTextView.m */ = {isa = PBXFileReference; lastKnownFileType = sourcecode.c.objc; path = CoreTextView.m; sourceTree = "<group>"; };
		4193345C21D39E6300B53BD7 /* CoreTextLayer.h */ = {isa = PBXFileReference; lastKnownFileType = sourcecode.c.h; path = CoreTextLayer.h; sourceTree = "<group>"; };
		4193345D21D39E6300B53BD7 /* CoreTextLayer.m */ = {isa = PBXFileReference; lastKnownFileType = sourcecode.c.objc; path = CoreTextLayer.m; sourceTree = "<group>"; };
		4199EBFB214BE6BC001AE878 /* StoreReviewViewController.h */ = {isa = PBXFileReference; lastKnownFileType = sourcecode.c.h; path = StoreReviewViewController.h; sourceTree = "<group>"; };
		4199EBFC214BE6BC001AE878 /* StoreReviewViewController.m */ = {isa = PBXFileReference; lastKnownFileType = sourcecode.c.objc; path = StoreReviewViewController.m; sourceTree = "<group>"; };
		41B26A02215511A7007DD3AC /* QRCodeCreater.h */ = {isa = PBXFileReference; lastKnownFileType = sourcecode.c.h; path = QRCodeCreater.h; sourceTree = "<group>"; };
		41B26A03215511A7007DD3AC /* QRCodeCreater.m */ = {isa = PBXFileReference; lastKnownFileType = sourcecode.c.objc; path = QRCodeCreater.m; sourceTree = "<group>"; };
		41B26A0621552258007DD3AC /* CreatePDFViewController.h */ = {isa = PBXFileReference; lastKnownFileType = sourcecode.c.h; path = CreatePDFViewController.h; sourceTree = "<group>"; };
		41B26A0721552258007DD3AC /* CreatePDFViewController.m */ = {isa = PBXFileReference; lastKnownFileType = sourcecode.c.objc; path = CreatePDFViewController.m; sourceTree = "<group>"; };
		41B383E821493555002E6590 /* PointToScreenTranstionViewController.h */ = {isa = PBXFileReference; lastKnownFileType = sourcecode.c.h; path = PointToScreenTranstionViewController.h; sourceTree = "<group>"; };
		41B383E921493555002E6590 /* PointToScreenTranstionViewController.m */ = {isa = PBXFileReference; lastKnownFileType = sourcecode.c.objc; path = PointToScreenTranstionViewController.m; sourceTree = "<group>"; };
		41B383EB21493802002E6590 /* PointToScreenTranstion.h */ = {isa = PBXFileReference; lastKnownFileType = sourcecode.c.h; path = PointToScreenTranstion.h; sourceTree = "<group>"; };
		41B383EC21493802002E6590 /* PointToScreenTranstion.m */ = {isa = PBXFileReference; lastKnownFileType = sourcecode.c.objc; path = PointToScreenTranstion.m; sourceTree = "<group>"; };
		41B383EE21493BB2002E6590 /* PointToScreenTranstionPresentedViewController.h */ = {isa = PBXFileReference; lastKnownFileType = sourcecode.c.h; path = PointToScreenTranstionPresentedViewController.h; sourceTree = "<group>"; };
		41B383EF21493BB2002E6590 /* PointToScreenTranstionPresentedViewController.m */ = {isa = PBXFileReference; lastKnownFileType = sourcecode.c.objc; path = PointToScreenTranstionPresentedViewController.m; sourceTree = "<group>"; };
		41B7995921469EC8001A632F /* NavigationAnimationPushedViewController.h */ = {isa = PBXFileReference; lastKnownFileType = sourcecode.c.h; path = NavigationAnimationPushedViewController.h; sourceTree = "<group>"; };
		41B7995A21469EC8001A632F /* NavigationAnimationPushedViewController.m */ = {isa = PBXFileReference; lastKnownFileType = sourcecode.c.objc; path = NavigationAnimationPushedViewController.m; sourceTree = "<group>"; };
		41B7995C21469F4F001A632F /* NavigationAnimation.h */ = {isa = PBXFileReference; lastKnownFileType = sourcecode.c.h; path = NavigationAnimation.h; sourceTree = "<group>"; };
		41B7995D21469F4F001A632F /* NavigationAnimation.m */ = {isa = PBXFileReference; lastKnownFileType = sourcecode.c.objc; path = NavigationAnimation.m; sourceTree = "<group>"; };
		41B84125216B8B7700B62FDB /* ImageOrientationViewController.h */ = {isa = PBXFileReference; lastKnownFileType = sourcecode.c.h; path = ImageOrientationViewController.h; sourceTree = "<group>"; };
		41B84126216B8B7700B62FDB /* ImageOrientationViewController.m */ = {isa = PBXFileReference; lastKnownFileType = sourcecode.c.objc; path = ImageOrientationViewController.m; sourceTree = "<group>"; };
		41B84128216B8BC800B62FDB /* UIImage+FixOrientation.h */ = {isa = PBXFileReference; lastKnownFileType = sourcecode.c.h; path = "UIImage+FixOrientation.h"; sourceTree = "<group>"; };
		41B84129216B8BC800B62FDB /* UIImage+FixOrientation.m */ = {isa = PBXFileReference; lastKnownFileType = sourcecode.c.objc; path = "UIImage+FixOrientation.m"; sourceTree = "<group>"; };
		41B8412B216C5FA600B62FDB /* ImageOrientationDetailViewController.h */ = {isa = PBXFileReference; lastKnownFileType = sourcecode.c.h; path = ImageOrientationDetailViewController.h; sourceTree = "<group>"; };
		41B8412C216C5FA600B62FDB /* ImageOrientationDetailViewController.m */ = {isa = PBXFileReference; lastKnownFileType = sourcecode.c.objc; path = ImageOrientationDetailViewController.m; sourceTree = "<group>"; };
		41B841832170CF3C00B62FDB /* ForceTouchViewController.h */ = {isa = PBXFileReference; lastKnownFileType = sourcecode.c.h; path = ForceTouchViewController.h; sourceTree = "<group>"; };
		41B841842170CF3C00B62FDB /* ForceTouchViewController.m */ = {isa = PBXFileReference; lastKnownFileType = sourcecode.c.objc; path = ForceTouchViewController.m; sourceTree = "<group>"; };
		41CD2468215D0721003EE7D1 /* list.json */ = {isa = PBXFileReference; fileEncoding = 4; lastKnownFileType = text.json; path = list.json; sourceTree = "<group>"; };
		41CD24A8215E58AD003EE7D1 /* TableViewCellExtensionHeaderView.h */ = {isa = PBXFileReference; lastKnownFileType = sourcecode.c.h; path = TableViewCellExtensionHeaderView.h; sourceTree = "<group>"; };
		41CD24A9215E58AD003EE7D1 /* TableViewCellExtensionHeaderView.m */ = {isa = PBXFileReference; lastKnownFileType = sourcecode.c.objc; path = TableViewCellExtensionHeaderView.m; sourceTree = "<group>"; };
		41CD24AD215FA73E003EE7D1 /* ImageTableViewViewController.h */ = {isa = PBXFileReference; lastKnownFileType = sourcecode.c.h; path = ImageTableViewViewController.h; sourceTree = "<group>"; };
		41CD24AE215FA73E003EE7D1 /* ImageTableViewViewController.m */ = {isa = PBXFileReference; lastKnownFileType = sourcecode.c.objc; path = ImageTableViewViewController.m; sourceTree = "<group>"; };
		41CD253F2160EDDC003EE7D1 /* VideoPlayerViewController.h */ = {isa = PBXFileReference; lastKnownFileType = sourcecode.c.h; path = VideoPlayerViewController.h; sourceTree = "<group>"; };
		41CD25402160EDDC003EE7D1 /* VideoPlayerViewController.m */ = {isa = PBXFileReference; lastKnownFileType = sourcecode.c.objc; path = VideoPlayerViewController.m; sourceTree = "<group>"; };
		41CD25422160EE28003EE7D1 /* VideoPlayerView.h */ = {isa = PBXFileReference; lastKnownFileType = sourcecode.c.h; path = VideoPlayerView.h; sourceTree = "<group>"; };
		41CD25432160EE28003EE7D1 /* VideoPlayerView.m */ = {isa = PBXFileReference; lastKnownFileType = sourcecode.c.objc; path = VideoPlayerView.m; sourceTree = "<group>"; };
		41CF3A5221411EDD000FC5B3 /* GlutinousViewViewController.h */ = {isa = PBXFileReference; lastKnownFileType = sourcecode.c.h; path = GlutinousViewViewController.h; sourceTree = "<group>"; };
		41CF3A5321411EDD000FC5B3 /* GlutinousViewViewController.m */ = {isa = PBXFileReference; lastKnownFileType = sourcecode.c.objc; path = GlutinousViewViewController.m; sourceTree = "<group>"; };
		41CF3A5521412026000FC5B3 /* GlutinousView.h */ = {isa = PBXFileReference; fileEncoding = 4; lastKnownFileType = sourcecode.c.h; path = GlutinousView.h; sourceTree = "<group>"; };
		41CF3A5621412026000FC5B3 /* GlutinousView.m */ = {isa = PBXFileReference; fileEncoding = 4; lastKnownFileType = sourcecode.c.objc; path = GlutinousView.m; sourceTree = "<group>"; };
		41CF3AA72142A951000FC5B3 /* TurnAroundButtonViewController.h */ = {isa = PBXFileReference; lastKnownFileType = sourcecode.c.h; path = TurnAroundButtonViewController.h; sourceTree = "<group>"; };
		41CF3AA82142A951000FC5B3 /* TurnAroundButtonViewController.m */ = {isa = PBXFileReference; lastKnownFileType = sourcecode.c.objc; path = TurnAroundButtonViewController.m; sourceTree = "<group>"; };
		41CF3AAB2142AA09000FC5B3 /* TurnAroundButton.m */ = {isa = PBXFileReference; fileEncoding = 4; lastKnownFileType = sourcecode.c.objc; path = TurnAroundButton.m; sourceTree = "<group>"; };
		41CF3AAD2142AA4A000FC5B3 /* TurnAroundButton.h */ = {isa = PBXFileReference; fileEncoding = 4; lastKnownFileType = sourcecode.c.h; path = TurnAroundButton.h; sourceTree = "<group>"; };
		41CF3AAF2142B047000FC5B3 /* NavigationAnimationViewController.h */ = {isa = PBXFileReference; lastKnownFileType = sourcecode.c.h; path = NavigationAnimationViewController.h; sourceTree = "<group>"; };
		41CF3AB02142B047000FC5B3 /* NavigationAnimationViewController.m */ = {isa = PBXFileReference; lastKnownFileType = sourcecode.c.objc; path = NavigationAnimationViewController.m; sourceTree = "<group>"; };
		41E740A5215A635C0029C91D /* CreatePDFPreviewView.h */ = {isa = PBXFileReference; lastKnownFileType = sourcecode.c.h; path = CreatePDFPreviewView.h; sourceTree = "<group>"; };
		41E740A6215A635C0029C91D /* CreatePDFPreviewView.m */ = {isa = PBXFileReference; lastKnownFileType = sourcecode.c.objc; path = CreatePDFPreviewView.m; sourceTree = "<group>"; };
		41EEBCD52176147E00EE5058 /* ForceTouchDetailViewController.h */ = {isa = PBXFileReference; lastKnownFileType = sourcecode.c.h; path = ForceTouchDetailViewController.h; sourceTree = "<group>"; };
		41EEBCD62176147E00EE5058 /* ForceTouchDetailViewController.m */ = {isa = PBXFileReference; lastKnownFileType = sourcecode.c.objc; path = ForceTouchDetailViewController.m; sourceTree = "<group>"; };
		4632E258E1D055BDF27F6541 /* Pods-Valhalla.debug.xcconfig */ = {isa = PBXFileReference; includeInIndex = 1; lastKnownFileType = text.xcconfig; name = "Pods-Valhalla.debug.xcconfig"; path = "../Pods/Target Support Files/Pods-Valhalla/Pods-Valhalla.debug.xcconfig"; sourceTree = "<group>"; };
/* End PBXFileReference section */

/* Begin PBXFrameworksBuildPhase section */
		411C3F15213816F200DEAB36 /* Frameworks */ = {
			isa = PBXFrameworksBuildPhase;
			buildActionMask = 2147483647;
			files = (
				81F947615183889FE734590E /* Pods_Valhalla.framework in Frameworks */,
			);
			runOnlyForDeploymentPostprocessing = 0;
		};
/* End PBXFrameworksBuildPhase section */

/* Begin PBXGroup section */
		411C3F0F213816F200DEAB36 = {
			isa = PBXGroup;
			children = (
				411C3F1A213816F200DEAB36 /* Valhalla */,
				411C3F19213816F200DEAB36 /* Products */,
				E7E11C0DBC51A605F2B5AF85 /* Pods */,
				DC1B6EC024D03AF5E24BE1BD /* Frameworks */,
			);
			sourceTree = "<group>";
		};
		411C3F19213816F200DEAB36 /* Products */ = {
			isa = PBXGroup;
			children = (
				411C3F18213816F200DEAB36 /* Valhalla.app */,
			);
			name = Products;
			sourceTree = "<group>";
		};
		411C3F1A213816F200DEAB36 /* Valhalla */ = {
			isa = PBXGroup;
			children = (
				411C3F552138172700DEAB36 /* Core */,
				41CF3A5021411ECA000FC5B3 /* Animation */,
				411C3F7B2138172700DEAB36 /* Algorithm */,
				411C3F3B2138172700DEAB36 /* CollectionViewFlowLayout */,
				411C3F5E2138172700DEAB36 /* ImageAndGraphics */,
				411C3F642138172700DEAB36 /* iOS */,
				411C3F4B2138172700DEAB36 /* Objective-C */,
				411C3F312138172700DEAB36 /* Supporting Files */,
			);
			path = Valhalla;
			sourceTree = "<group>";
		};
		411C3F312138172700DEAB36 /* Supporting Files */ = {
			isa = PBXGroup;
			children = (
				411C3F322138172700DEAB36 /* AppDelegate.h */,
				411C3F392138172700DEAB36 /* AppDelegate.m */,
				411C3F332138172700DEAB36 /* Assets.xcassets */,
				411C3F342138172700DEAB36 /* LaunchScreen.storyboard */,
				411C3F362138172700DEAB36 /* Main.storyboard */,
				411C3F382138172700DEAB36 /* main.m */,
				411C3F3A2138172700DEAB36 /* Info.plist */,
			);
			path = "Supporting Files";
			sourceTree = "<group>";
		};
		411C3F3B2138172700DEAB36 /* CollectionViewFlowLayout */ = {
			isa = PBXGroup;
			children = (
				411C3F3C2138172700DEAB36 /* CyclicCardLayout */,
				411C3F412138172700DEAB36 /* WaterflowLayout */,
				411C3F462138172700DEAB36 /* LeftJustifyLayout */,
			);
			path = CollectionViewFlowLayout;
			sourceTree = "<group>";
		};
		411C3F3C2138172700DEAB36 /* CyclicCardLayout */ = {
			isa = PBXGroup;
			children = (
				411C3F402138172700DEAB36 /* CyclicCardLayout.h */,
				411C3F3D2138172700DEAB36 /* CyclicCardLayout.m */,
				411C3F3E2138172700DEAB36 /* CyclicCardLayoutViewController.h */,
				411C3F3F2138172700DEAB36 /* CyclicCardLayoutViewController.m */,
			);
			path = CyclicCardLayout;
			sourceTree = "<group>";
		};
		411C3F412138172700DEAB36 /* WaterflowLayout */ = {
			isa = PBXGroup;
			children = (
				411C3F432138172700DEAB36 /* WaterflowLayout.h */,
				411C3F452138172700DEAB36 /* WaterflowLayout.m */,
				411C3F422138172700DEAB36 /* WaterflowLayoutViewController.h */,
				411C3F442138172700DEAB36 /* WaterflowLayoutViewController.m */,
			);
			path = WaterflowLayout;
			sourceTree = "<group>";
		};
		411C3F462138172700DEAB36 /* LeftJustifyLayout */ = {
			isa = PBXGroup;
			children = (
				411C3F482138172700DEAB36 /* LeftJustifyLayout.h */,
				411C3F4A2138172700DEAB36 /* LeftJustifyLayout.m */,
				411C3F472138172700DEAB36 /* LeftJustifyLayoutViewController.h */,
				411C3F492138172700DEAB36 /* LeftJustifyLayoutViewController.m */,
			);
			path = LeftJustifyLayout;
			sourceTree = "<group>";
		};
		411C3F4B2138172700DEAB36 /* Objective-C */ = {
			isa = PBXGroup;
			children = (
				411C3F4C2138172700DEAB36 /* MessageForwarding */,
			);
			path = "Objective-C";
			sourceTree = "<group>";
		};
		411C3F4C2138172700DEAB36 /* MessageForwarding */ = {
			isa = PBXGroup;
			children = (
				411C3F4D2138172700DEAB36 /* MessageForwardingViewController.h */,
				411C3F522138172700DEAB36 /* MessageForwardingViewController.m */,
				411C3F532138172700DEAB36 /* ClassA.h */,
				411C3F502138172700DEAB36 /* ClassA.m */,
				411C3F512138172700DEAB36 /* ClassB.h */,
				411C3F4E2138172700DEAB36 /* ClassB.m */,
				411C3F4F2138172700DEAB36 /* ClassC.h */,
				411C3F542138172700DEAB36 /* ClassC.m */,
			);
			path = MessageForwarding;
			sourceTree = "<group>";
		};
		411C3F552138172700DEAB36 /* Core */ = {
			isa = PBXGroup;
			children = (
				411C3F5B2138172700DEAB36 /* PrefixHeader.pch */,
				411C3F5A2138172700DEAB36 /* Valhalla-Bridging-Header.h */,
				411C3F582138172700DEAB36 /* MDMRowModel.h */,
				411C3F5C2138172700DEAB36 /* MDMRowModel.m */,
				411C3F572138172700DEAB36 /* MDMSectionModel.h */,
				411C3F5D2138172700DEAB36 /* MDMSectionModel.m */,
				411C3F592138172700DEAB36 /* MDMRootViewController.h */,
				411C3F562138172700DEAB36 /* MDMRootViewController.m */,
			);
			path = Core;
			sourceTree = "<group>";
		};
		411C3F5E2138172700DEAB36 /* ImageAndGraphics */ = {
			isa = PBXGroup;
			children = (
				41B84124216B8B6800B62FDB /* ImageOrientation */,
				411C3F5F2138172700DEAB36 /* GIFSpeed */,
			);
			path = ImageAndGraphics;
			sourceTree = "<group>";
		};
		411C3F5F2138172700DEAB36 /* GIFSpeed */ = {
			isa = PBXGroup;
			children = (
				411C3F622138172700DEAB36 /* GIFFileTool.h */,
				411C3F602138172700DEAB36 /* GIFFileTool.m */,
				411C3F612138172700DEAB36 /* GIFSpeedViewController.h */,
				411C3F632138172700DEAB36 /* GIFSpeedViewController.m */,
			);
			path = GIFSpeed;
			sourceTree = "<group>";
		};
		411C3F642138172700DEAB36 /* iOS */ = {
			isa = PBXGroup;
			children = (
				4193345521D39D2200B53BD7 /* CoreText */,
				41B841822170CF3100B62FDB /* 3DTouch */,
				41CD253E2160EDCF003EE7D1 /* VideoPlayer */,
				41CD24AC215FA701003EE7D1 /* ImageTableView */,
				4167C803215BBAAE00C40E50 /* TableViewCellExtension */,
				41B26A052155222A007DD3AC /* CreatePDF */,
				414DB6D12154C17F00B8F1F6 /* CreateQRCode */,
				414DB6CA215277E000B8F1F6 /* PickUpColor */,
				4199EBFA214BE674001AE878 /* StoreReview */,
				411C3F652138172700DEAB36 /* DigitScrollView */,
				411C3F6A2138172700DEAB36 /* FormTabelView */,
				411C3F732138172700DEAB36 /* Keychain */,
			);
			path = iOS;
			sourceTree = "<group>";
		};
		411C3F652138172700DEAB36 /* DigitScrollView */ = {
			isa = PBXGroup;
			children = (
				411C3F662138172700DEAB36 /* DigitScrollView.h */,
				411C3F692138172700DEAB36 /* DigitScrollView.m */,
				411C3F672138172700DEAB36 /* DigitScrollViewController.m */,
				411C3F682138172700DEAB36 /* DigitScrollViewController.h */,
			);
			path = DigitScrollView;
			sourceTree = "<group>";
		};
		411C3F6A2138172700DEAB36 /* FormTabelView */ = {
			isa = PBXGroup;
			children = (
				411C3F6D2138172700DEAB36 /* Player.h */,
				411C3F722138172700DEAB36 /* Player.m */,
				411C3F6F2138172700DEAB36 /* FormTableViewController.h */,
				411C3F6B2138172700DEAB36 /* FormTableViewController.m */,
				411C3F702138172700DEAB36 /* FormTableView.h */,
				411C3F6C2138172700DEAB36 /* FormTableView.m */,
				411C3F6E2138172700DEAB36 /* FormScrollLabel.h */,
				411C3F712138172700DEAB36 /* FormScrollLabel.m */,
			);
			path = FormTabelView;
			sourceTree = "<group>";
		};
		411C3F732138172700DEAB36 /* Keychain */ = {
			isa = PBXGroup;
			children = (
				411C3F792138172700DEAB36 /* KeychainViewController.h */,
				411C3F752138172700DEAB36 /* KeychainViewController.m */,
				411C3F762138172700DEAB36 /* KeychainUtil.h */,
				411C3F7A2138172700DEAB36 /* KeychainUtil.m */,
				411C3F772138172700DEAB36 /* KeychainItemWrapper.h */,
				411C3F742138172700DEAB36 /* KeychainItemWrapper.m */,
				411C3F782138172700DEAB36 /* KeychainUtil.swift */,
			);
			path = Keychain;
			sourceTree = "<group>";
		};
		411C3F7B2138172700DEAB36 /* Algorithm */ = {
			isa = PBXGroup;
			children = (
				411C3F7C2138172700DEAB36 /* Sort */,
			);
			path = Algorithm;
			sourceTree = "<group>";
		};
		411C3F7C2138172700DEAB36 /* Sort */ = {
			isa = PBXGroup;
			children = (
				411C3F7D2138172700DEAB36 /* SortViewController.m */,
				411C3F802138172700DEAB36 /* SortViewController.h */,
				411C3F7E2138172700DEAB36 /* SortTool.h */,
				411C3F7F2138172700DEAB36 /* SortTool.m */,
			);
			path = Sort;
			sourceTree = "<group>";
		};
		414DB6CA215277E000B8F1F6 /* PickUpColor */ = {
			isa = PBXGroup;
			children = (
				414DB6CB2152783800B8F1F6 /* PickUpColorViewController.h */,
				414DB6CC2152783800B8F1F6 /* PickUpColorViewController.m */,
			);
			path = PickUpColor;
			sourceTree = "<group>";
		};
		414DB6D12154C17F00B8F1F6 /* CreateQRCode */ = {
			isa = PBXGroup;
			children = (
				414DB6D22154C19000B8F1F6 /* CreateQRCodeViewController.h */,
				414DB6D32154C19000B8F1F6 /* CreateQRCodeViewController.m */,
				41B26A02215511A7007DD3AC /* QRCodeCreater.h */,
				41B26A03215511A7007DD3AC /* QRCodeCreater.m */,
			);
			path = CreateQRCode;
			sourceTree = "<group>";
		};
		4167C803215BBAAE00C40E50 /* TableViewCellExtension */ = {
			isa = PBXGroup;
			children = (
				4167C804215BBAB800C40E50 /* TableViewCellExtensionViewController.h */,
				4167C805215BBAB800C40E50 /* TableViewCellExtensionViewController.m */,
				41CD24A8215E58AD003EE7D1 /* TableViewCellExtensionHeaderView.h */,
				41CD24A9215E58AD003EE7D1 /* TableViewCellExtensionHeaderView.m */,
				41CD2468215D0721003EE7D1 /* list.json */,
			);
			path = TableViewCellExtension;
			sourceTree = "<group>";
		};
		4193345521D39D2200B53BD7 /* CoreText */ = {
			isa = PBXGroup;
			children = (
				4193345621D39DC000B53BD7 /* CoreTextViewController.h */,
				4193345721D39DC000B53BD7 /* CoreTextViewController.m */,
				4193345921D39DD400B53BD7 /* CoreTextView.h */,
				4193345A21D39DD400B53BD7 /* CoreTextView.m */,
				4193345C21D39E6300B53BD7 /* CoreTextLayer.h */,
				4193345D21D39E6300B53BD7 /* CoreTextLayer.m */,
			);
			path = CoreText;
			sourceTree = "<group>";
		};
		4199EBFA214BE674001AE878 /* StoreReview */ = {
			isa = PBXGroup;
			children = (
				4199EBFB214BE6BC001AE878 /* StoreReviewViewController.h */,
				4199EBFC214BE6BC001AE878 /* StoreReviewViewController.m */,
			);
			path = StoreReview;
			sourceTree = "<group>";
		};
		41B26A052155222A007DD3AC /* CreatePDF */ = {
			isa = PBXGroup;
			children = (
				41B26A0621552258007DD3AC /* CreatePDFViewController.h */,
				41B26A0721552258007DD3AC /* CreatePDFViewController.m */,
				41E740A5215A635C0029C91D /* CreatePDFPreviewView.h */,
				41E740A6215A635C0029C91D /* CreatePDFPreviewView.m */,
			);
			path = CreatePDF;
			sourceTree = "<group>";
		};
		41B383E721493545002E6590 /* PointToScreenTranstion */ = {
			isa = PBXGroup;
			children = (
				41B383E821493555002E6590 /* PointToScreenTranstionViewController.h */,
				41B383E921493555002E6590 /* PointToScreenTranstionViewController.m */,
				41B383EE21493BB2002E6590 /* PointToScreenTranstionPresentedViewController.h */,
				41B383EF21493BB2002E6590 /* PointToScreenTranstionPresentedViewController.m */,
				41B383EB21493802002E6590 /* PointToScreenTranstion.h */,
				41B383EC21493802002E6590 /* PointToScreenTranstion.m */,
			);
			path = PointToScreenTranstion;
			sourceTree = "<group>";
		};
		41B84124216B8B6800B62FDB /* ImageOrientation */ = {
			isa = PBXGroup;
			children = (
				41B84125216B8B7700B62FDB /* ImageOrientationViewController.h */,
				41B84126216B8B7700B62FDB /* ImageOrientationViewController.m */,
				41B8412B216C5FA600B62FDB /* ImageOrientationDetailViewController.h */,
				41B8412C216C5FA600B62FDB /* ImageOrientationDetailViewController.m */,
				41B84128216B8BC800B62FDB /* UIImage+FixOrientation.h */,
				41B84129216B8BC800B62FDB /* UIImage+FixOrientation.m */,
			);
			path = ImageOrientation;
			sourceTree = "<group>";
		};
		41B841822170CF3100B62FDB /* 3DTouch */ = {
			isa = PBXGroup;
			children = (
				41B841832170CF3C00B62FDB /* ForceTouchViewController.h */,
				41B841842170CF3C00B62FDB /* ForceTouchViewController.m */,
				41EEBCD52176147E00EE5058 /* ForceTouchDetailViewController.h */,
				41EEBCD62176147E00EE5058 /* ForceTouchDetailViewController.m */,
			);
			path = 3DTouch;
			sourceTree = "<group>";
		};
		41CD24AC215FA701003EE7D1 /* ImageTableView */ = {
			isa = PBXGroup;
			children = (
				41CD24AD215FA73E003EE7D1 /* ImageTableViewViewController.h */,
				41CD24AE215FA73E003EE7D1 /* ImageTableViewViewController.m */,
			);
			path = ImageTableView;
			sourceTree = "<group>";
		};
		41CD253E2160EDCF003EE7D1 /* VideoPlayer */ = {
			isa = PBXGroup;
			children = (
				41CD253F2160EDDC003EE7D1 /* VideoPlayerViewController.h */,
				41CD25402160EDDC003EE7D1 /* VideoPlayerViewController.m */,
				41CD25422160EE28003EE7D1 /* VideoPlayerView.h */,
				41CD25432160EE28003EE7D1 /* VideoPlayerView.m */,
			);
			path = VideoPlayer;
			sourceTree = "<group>";
		};
		41CF3A5021411ECA000FC5B3 /* Animation */ = {
			isa = PBXGroup;
			children = (
				41B383E721493545002E6590 /* PointToScreenTranstion */,
				41CF3AAE2142B013000FC5B3 /* NavigationAnimation */,
				41CF3AA62142A944000FC5B3 /* TurnAroundButton */,
				41CF3A5121411ECA000FC5B3 /* GlutinousView */,
			);
			path = Animation;
			sourceTree = "<group>";
		};
		41CF3A5121411ECA000FC5B3 /* GlutinousView */ = {
			isa = PBXGroup;
			children = (
				41CF3A5221411EDD000FC5B3 /* GlutinousViewViewController.h */,
				41CF3A5321411EDD000FC5B3 /* GlutinousViewViewController.m */,
				41CF3A5521412026000FC5B3 /* GlutinousView.h */,
				41CF3A5621412026000FC5B3 /* GlutinousView.m */,
			);
			path = GlutinousView;
			sourceTree = "<group>";
		};
		41CF3AA62142A944000FC5B3 /* TurnAroundButton */ = {
			isa = PBXGroup;
			children = (
				41CF3AA72142A951000FC5B3 /* TurnAroundButtonViewController.h */,
				41CF3AA82142A951000FC5B3 /* TurnAroundButtonViewController.m */,
				41CF3AAD2142AA4A000FC5B3 /* TurnAroundButton.h */,
				41CF3AAB2142AA09000FC5B3 /* TurnAroundButton.m */,
			);
			path = TurnAroundButton;
			sourceTree = "<group>";
		};
		41CF3AAE2142B013000FC5B3 /* NavigationAnimation */ = {
			isa = PBXGroup;
			children = (
				41CF3AAF2142B047000FC5B3 /* NavigationAnimationViewController.h */,
				41CF3AB02142B047000FC5B3 /* NavigationAnimationViewController.m */,
				41B7995921469EC8001A632F /* NavigationAnimationPushedViewController.h */,
				41B7995A21469EC8001A632F /* NavigationAnimationPushedViewController.m */,
				41B7995C21469F4F001A632F /* NavigationAnimation.h */,
				41B7995D21469F4F001A632F /* NavigationAnimation.m */,
			);
			path = NavigationAnimation;
			sourceTree = "<group>";
		};
		DC1B6EC024D03AF5E24BE1BD /* Frameworks */ = {
			isa = PBXGroup;
			children = (
				34DDC438D7A6E57F2DEC1D97 /* Pods_Valhalla.framework */,
			);
			name = Frameworks;
			sourceTree = "<group>";
		};
		E7E11C0DBC51A605F2B5AF85 /* Pods */ = {
			isa = PBXGroup;
			children = (
				4632E258E1D055BDF27F6541 /* Pods-Valhalla.debug.xcconfig */,
				0CCE649E960A006EEA3DDA81 /* Pods-Valhalla.release.xcconfig */,
			);
			name = Pods;
			sourceTree = "<group>";
		};
/* End PBXGroup section */

/* Begin PBXNativeTarget section */
		411C3F17213816F200DEAB36 /* Valhalla */ = {
			isa = PBXNativeTarget;
			buildConfigurationList = 411C3F2E213816F300DEAB36 /* Build configuration list for PBXNativeTarget "Valhalla" */;
			buildPhases = (
				B47D1F7DF4182D825EBFC91C /* [CP] Check Pods Manifest.lock */,
				411C3F14213816F200DEAB36 /* Sources */,
				411C3F15213816F200DEAB36 /* Frameworks */,
				411C3F16213816F200DEAB36 /* Resources */,
				A706E71E0AC3D765956DF59F /* [CP] Embed Pods Frameworks */,
			);
			buildRules = (
			);
			dependencies = (
			);
			name = Valhalla;
			productName = Valhalla;
			productReference = 411C3F18213816F200DEAB36 /* Valhalla.app */;
			productType = "com.apple.product-type.application";
		};
/* End PBXNativeTarget section */

/* Begin PBXProject section */
		411C3F10213816F200DEAB36 /* Project object */ = {
			isa = PBXProject;
			attributes = {
				LastUpgradeCheck = 1000;
				ORGANIZATIONNAME = mademao;
				TargetAttributes = {
					411C3F17213816F200DEAB36 = {
						CreatedOnToolsVersion = 9.4.1;
						LastSwiftMigration = 1000;
					};
				};
			};
			buildConfigurationList = 411C3F13213816F200DEAB36 /* Build configuration list for PBXProject "Valhalla" */;
			compatibilityVersion = "Xcode 9.3";
			developmentRegion = en;
			hasScannedForEncodings = 0;
			knownRegions = (
				en,
				Base,
			);
			mainGroup = 411C3F0F213816F200DEAB36;
			productRefGroup = 411C3F19213816F200DEAB36 /* Products */;
			projectDirPath = "";
			projectRoot = "";
			targets = (
				411C3F17213816F200DEAB36 /* Valhalla */,
			);
		};
/* End PBXProject section */

/* Begin PBXResourcesBuildPhase section */
		411C3F16213816F200DEAB36 /* Resources */ = {
			isa = PBXResourcesBuildPhase;
			buildActionMask = 2147483647;
			files = (
				411C3F832138172700DEAB36 /* Main.storyboard in Resources */,
				41CD2469215D0721003EE7D1 /* list.json in Resources */,
				411C3F812138172700DEAB36 /* Assets.xcassets in Resources */,
				411C3F822138172700DEAB36 /* LaunchScreen.storyboard in Resources */,
			);
			runOnlyForDeploymentPostprocessing = 0;
		};
/* End PBXResourcesBuildPhase section */

/* Begin PBXShellScriptBuildPhase section */
		A706E71E0AC3D765956DF59F /* [CP] Embed Pods Frameworks */ = {
			isa = PBXShellScriptBuildPhase;
			buildActionMask = 2147483647;
			files = (
			);
			inputPaths = (
				"${SRCROOT}/../Pods/Target Support Files/Pods-Valhalla/Pods-Valhalla-frameworks.sh",
				"${BUILT_PRODUCTS_DIR}/MBProgressHUD-iOS10.0/MBProgressHUD.framework",
				"${BUILT_PRODUCTS_DIR}/Pluto-iOS10.0/Pluto.framework",
				"${BUILT_PRODUCTS_DIR}/YYImage/YYImage.framework",
			);
			name = "[CP] Embed Pods Frameworks";
			outputPaths = (
				"${TARGET_BUILD_DIR}/${FRAMEWORKS_FOLDER_PATH}/MBProgressHUD.framework",
				"${TARGET_BUILD_DIR}/${FRAMEWORKS_FOLDER_PATH}/Pluto.framework",
				"${TARGET_BUILD_DIR}/${FRAMEWORKS_FOLDER_PATH}/YYImage.framework",
			);
			runOnlyForDeploymentPostprocessing = 0;
			shellPath = /bin/sh;
			shellScript = "\"${SRCROOT}/../Pods/Target Support Files/Pods-Valhalla/Pods-Valhalla-frameworks.sh\"\n";
			showEnvVarsInLog = 0;
		};
		B47D1F7DF4182D825EBFC91C /* [CP] Check Pods Manifest.lock */ = {
			isa = PBXShellScriptBuildPhase;
			buildActionMask = 2147483647;
			files = (
			);
			inputPaths = (
				"${PODS_PODFILE_DIR_PATH}/Podfile.lock",
				"${PODS_ROOT}/Manifest.lock",
			);
			name = "[CP] Check Pods Manifest.lock";
			outputPaths = (
				"$(DERIVED_FILE_DIR)/Pods-Valhalla-checkManifestLockResult.txt",
			);
			runOnlyForDeploymentPostprocessing = 0;
			shellPath = /bin/sh;
			shellScript = "diff \"${PODS_PODFILE_DIR_PATH}/Podfile.lock\" \"${PODS_ROOT}/Manifest.lock\" > /dev/null\nif [ $? != 0 ] ; then\n    # print error to STDERR\n    echo \"error: The sandbox is not in sync with the Podfile.lock. Run 'pod install' or update your CocoaPods installation.\" >&2\n    exit 1\nfi\n# This output is used by Xcode 'outputs' to avoid re-running this script phase.\necho \"SUCCESS\" > \"${SCRIPT_OUTPUT_FILE_0}\"\n";
			showEnvVarsInLog = 0;
		};
/* End PBXShellScriptBuildPhase section */

/* Begin PBXSourcesBuildPhase section */
		411C3F14213816F200DEAB36 /* Sources */ = {
			isa = PBXSourcesBuildPhase;
			buildActionMask = 2147483647;
			files = (
				41CD25412160EDDC003EE7D1 /* VideoPlayerViewController.m in Sources */,
				41B383ED21493802002E6590 /* PointToScreenTranstion.m in Sources */,
				411C3F8F2138172700DEAB36 /* MessageForwardingViewController.m in Sources */,
				414DB6CD2152783800B8F1F6 /* PickUpColorViewController.m in Sources */,
				411C3F9F2138172700DEAB36 /* KeychainUtil.m in Sources */,
				41CF3A5421411EDD000FC5B3 /* GlutinousViewViewController.m in Sources */,
				4199EBFD214BE6BC001AE878 /* StoreReviewViewController.m in Sources */,
				41B383EA21493555002E6590 /* PointToScreenTranstionViewController.m in Sources */,
				41B7995B21469EC8001A632F /* NavigationAnimationPushedViewController.m in Sources */,
				411C3F8B2138172700DEAB36 /* LeftJustifyLayoutViewController.m in Sources */,
				41B841852170CF3C00B62FDB /* ForceTouchViewController.m in Sources */,
				411C3F872138172700DEAB36 /* CyclicCardLayout.m in Sources */,
				411C3F982138172700DEAB36 /* FormTableViewController.m in Sources */,
				411C3F8A2138172700DEAB36 /* WaterflowLayout.m in Sources */,
				41CF3A5721412027000FC5B3 /* GlutinousView.m in Sources */,
				411C3F8D2138172700DEAB36 /* ClassB.m in Sources */,
				411C3F962138172700DEAB36 /* DigitScrollViewController.m in Sources */,
				411C3F952138172700DEAB36 /* GIFSpeedViewController.m in Sources */,
				411C3F892138172700DEAB36 /* WaterflowLayoutViewController.m in Sources */,
				41B8412A216B8BC800B62FDB /* UIImage+FixOrientation.m in Sources */,
				411C3F852138172700DEAB36 /* AppDelegate.m in Sources */,
				411C3F8E2138172700DEAB36 /* ClassA.m in Sources */,
				411C3F9B2138172700DEAB36 /* Player.m in Sources */,
				41EEBCD72176147E00EE5058 /* ForceTouchDetailViewController.m in Sources */,
				4193345821D39DC000B53BD7 /* CoreTextViewController.m in Sources */,
				411C3F902138172700DEAB36 /* ClassC.m in Sources */,
				41B26A04215511A7007DD3AC /* QRCodeCreater.m in Sources */,
				41CF3AA92142A951000FC5B3 /* TurnAroundButtonViewController.m in Sources */,
				411C3F8C2138172700DEAB36 /* LeftJustifyLayout.m in Sources */,
				411C3F972138172700DEAB36 /* DigitScrollView.m in Sources */,
				411C3F882138172700DEAB36 /* CyclicCardLayoutViewController.m in Sources */,
				411C3F932138172700DEAB36 /* MDMSectionModel.m in Sources */,
				41B8412D216C5FA600B62FDB /* ImageOrientationDetailViewController.m in Sources */,
				41B383F021493BB2002E6590 /* PointToScreenTranstionPresentedViewController.m in Sources */,
				411C3FA02138172700DEAB36 /* SortViewController.m in Sources */,
				41B26A0821552259007DD3AC /* CreatePDFViewController.m in Sources */,
				41CD24AF215FA73E003EE7D1 /* ImageTableViewViewController.m in Sources */,
				41B84127216B8B7700B62FDB /* ImageOrientationViewController.m in Sources */,
				41CD24AA215E58AD003EE7D1 /* TableViewCellExtensionHeaderView.m in Sources */,
				411C3F942138172700DEAB36 /* GIFFileTool.m in Sources */,
				411C3F922138172700DEAB36 /* MDMRowModel.m in Sources */,
				41CD25442160EE28003EE7D1 /* VideoPlayerView.m in Sources */,
				411C3F992138172700DEAB36 /* FormTableView.m in Sources */,
				41E740A7215A635C0029C91D /* CreatePDFPreviewView.m in Sources */,
				411C3F9C2138172700DEAB36 /* KeychainItemWrapper.m in Sources */,
				41CF3AAC2142AA09000FC5B3 /* TurnAroundButton.m in Sources */,
				41B7995E21469F4F001A632F /* NavigationAnimation.m in Sources */,
				414DB6D42154C19000B8F1F6 /* CreateQRCodeViewController.m in Sources */,
				4167C806215BBAB800C40E50 /* TableViewCellExtensionViewController.m in Sources */,
				4193345E21D39E6300B53BD7 /* CoreTextLayer.m in Sources */,
				411C3F9A2138172700DEAB36 /* FormScrollLabel.m in Sources */,
				4193345B21D39DD400B53BD7 /* CoreTextView.m in Sources */,
				411C3F842138172700DEAB36 /* main.m in Sources */,
				411C3F9D2138172700DEAB36 /* KeychainViewController.m in Sources */,
				411C3FA12138172700DEAB36 /* SortTool.m in Sources */,
				411C3F912138172700DEAB36 /* MDMRootViewController.m in Sources */,
				411C3F9E2138172700DEAB36 /* KeychainUtil.swift in Sources */,
				41CF3AB12142B047000FC5B3 /* NavigationAnimationViewController.m in Sources */,
			);
			runOnlyForDeploymentPostprocessing = 0;
		};
/* End PBXSourcesBuildPhase section */

/* Begin PBXVariantGroup section */
		411C3F342138172700DEAB36 /* LaunchScreen.storyboard */ = {
			isa = PBXVariantGroup;
			children = (
				411C3F352138172700DEAB36 /* Base */,
			);
			name = LaunchScreen.storyboard;
			sourceTree = "<group>";
		};
		411C3F362138172700DEAB36 /* Main.storyboard */ = {
			isa = PBXVariantGroup;
			children = (
				411C3F372138172700DEAB36 /* Base */,
			);
			name = Main.storyboard;
			sourceTree = "<group>";
		};
/* End PBXVariantGroup section */

/* Begin XCBuildConfiguration section */
		411C3F2C213816F300DEAB36 /* Debug */ = {
			isa = XCBuildConfiguration;
			buildSettings = {
				ALWAYS_SEARCH_USER_PATHS = NO;
				CLANG_ANALYZER_NONNULL = YES;
				CLANG_ANALYZER_NUMBER_OBJECT_CONVERSION = YES_AGGRESSIVE;
				CLANG_CXX_LANGUAGE_STANDARD = "gnu++14";
				CLANG_CXX_LIBRARY = "libc++";
				CLANG_ENABLE_MODULES = YES;
				CLANG_ENABLE_OBJC_ARC = YES;
				CLANG_ENABLE_OBJC_WEAK = YES;
				CLANG_WARN_BLOCK_CAPTURE_AUTORELEASING = YES;
				CLANG_WARN_BOOL_CONVERSION = YES;
				CLANG_WARN_COMMA = YES;
				CLANG_WARN_CONSTANT_CONVERSION = YES;
				CLANG_WARN_DEPRECATED_OBJC_IMPLEMENTATIONS = YES;
				CLANG_WARN_DIRECT_OBJC_ISA_USAGE = YES_ERROR;
				CLANG_WARN_DOCUMENTATION_COMMENTS = YES;
				CLANG_WARN_EMPTY_BODY = YES;
				CLANG_WARN_ENUM_CONVERSION = YES;
				CLANG_WARN_INFINITE_RECURSION = YES;
				CLANG_WARN_INT_CONVERSION = YES;
				CLANG_WARN_NON_LITERAL_NULL_CONVERSION = YES;
				CLANG_WARN_OBJC_IMPLICIT_RETAIN_SELF = YES;
				CLANG_WARN_OBJC_LITERAL_CONVERSION = YES;
				CLANG_WARN_OBJC_ROOT_CLASS = YES_ERROR;
				CLANG_WARN_RANGE_LOOP_ANALYSIS = YES;
				CLANG_WARN_STRICT_PROTOTYPES = YES;
				CLANG_WARN_SUSPICIOUS_MOVE = YES;
				CLANG_WARN_UNGUARDED_AVAILABILITY = YES_AGGRESSIVE;
				CLANG_WARN_UNREACHABLE_CODE = YES;
				CLANG_WARN__DUPLICATE_METHOD_MATCH = YES;
				CODE_SIGN_IDENTITY = "iPhone Developer";
				COPY_PHASE_STRIP = NO;
				DEBUG_INFORMATION_FORMAT = dwarf;
				ENABLE_STRICT_OBJC_MSGSEND = YES;
				ENABLE_TESTABILITY = YES;
				GCC_C_LANGUAGE_STANDARD = gnu11;
				GCC_DYNAMIC_NO_PIC = NO;
				GCC_NO_COMMON_BLOCKS = YES;
				GCC_OPTIMIZATION_LEVEL = 0;
				GCC_PREPROCESSOR_DEFINITIONS = (
					"DEBUG=1",
					"$(inherited)",
				);
				GCC_WARN_64_TO_32_BIT_CONVERSION = YES;
				GCC_WARN_ABOUT_RETURN_TYPE = YES_ERROR;
				GCC_WARN_UNDECLARED_SELECTOR = YES;
				GCC_WARN_UNINITIALIZED_AUTOS = YES_AGGRESSIVE;
				GCC_WARN_UNUSED_FUNCTION = YES;
				GCC_WARN_UNUSED_VARIABLE = YES;
				IPHONEOS_DEPLOYMENT_TARGET = 11.4;
				MTL_ENABLE_DEBUG_INFO = YES;
				ONLY_ACTIVE_ARCH = YES;
				SDKROOT = iphoneos;
			};
			name = Debug;
		};
		411C3F2D213816F300DEAB36 /* Release */ = {
			isa = XCBuildConfiguration;
			buildSettings = {
				ALWAYS_SEARCH_USER_PATHS = NO;
				CLANG_ANALYZER_NONNULL = YES;
				CLANG_ANALYZER_NUMBER_OBJECT_CONVERSION = YES_AGGRESSIVE;
				CLANG_CXX_LANGUAGE_STANDARD = "gnu++14";
				CLANG_CXX_LIBRARY = "libc++";
				CLANG_ENABLE_MODULES = YES;
				CLANG_ENABLE_OBJC_ARC = YES;
				CLANG_ENABLE_OBJC_WEAK = YES;
				CLANG_WARN_BLOCK_CAPTURE_AUTORELEASING = YES;
				CLANG_WARN_BOOL_CONVERSION = YES;
				CLANG_WARN_COMMA = YES;
				CLANG_WARN_CONSTANT_CONVERSION = YES;
				CLANG_WARN_DEPRECATED_OBJC_IMPLEMENTATIONS = YES;
				CLANG_WARN_DIRECT_OBJC_ISA_USAGE = YES_ERROR;
				CLANG_WARN_DOCUMENTATION_COMMENTS = YES;
				CLANG_WARN_EMPTY_BODY = YES;
				CLANG_WARN_ENUM_CONVERSION = YES;
				CLANG_WARN_INFINITE_RECURSION = YES;
				CLANG_WARN_INT_CONVERSION = YES;
				CLANG_WARN_NON_LITERAL_NULL_CONVERSION = YES;
				CLANG_WARN_OBJC_IMPLICIT_RETAIN_SELF = YES;
				CLANG_WARN_OBJC_LITERAL_CONVERSION = YES;
				CLANG_WARN_OBJC_ROOT_CLASS = YES_ERROR;
				CLANG_WARN_RANGE_LOOP_ANALYSIS = YES;
				CLANG_WARN_STRICT_PROTOTYPES = YES;
				CLANG_WARN_SUSPICIOUS_MOVE = YES;
				CLANG_WARN_UNGUARDED_AVAILABILITY = YES_AGGRESSIVE;
				CLANG_WARN_UNREACHABLE_CODE = YES;
				CLANG_WARN__DUPLICATE_METHOD_MATCH = YES;
				CODE_SIGN_IDENTITY = "iPhone Developer";
				COPY_PHASE_STRIP = NO;
				DEBUG_INFORMATION_FORMAT = "dwarf-with-dsym";
				ENABLE_NS_ASSERTIONS = NO;
				ENABLE_STRICT_OBJC_MSGSEND = YES;
				GCC_C_LANGUAGE_STANDARD = gnu11;
				GCC_NO_COMMON_BLOCKS = YES;
				GCC_WARN_64_TO_32_BIT_CONVERSION = YES;
				GCC_WARN_ABOUT_RETURN_TYPE = YES_ERROR;
				GCC_WARN_UNDECLARED_SELECTOR = YES;
				GCC_WARN_UNINITIALIZED_AUTOS = YES_AGGRESSIVE;
				GCC_WARN_UNUSED_FUNCTION = YES;
				GCC_WARN_UNUSED_VARIABLE = YES;
				IPHONEOS_DEPLOYMENT_TARGET = 11.4;
				MTL_ENABLE_DEBUG_INFO = NO;
				SDKROOT = iphoneos;
				SWIFT_COMPILATION_MODE = wholemodule;
				VALIDATE_PRODUCT = YES;
			};
			name = Release;
		};
		411C3F2F213816F300DEAB36 /* Debug */ = {
			isa = XCBuildConfiguration;
			baseConfigurationReference = 4632E258E1D055BDF27F6541 /* Pods-Valhalla.debug.xcconfig */;
			buildSettings = {
				ASSETCATALOG_COMPILER_APPICON_NAME = AppIcon;
				CODE_SIGN_STYLE = Automatic;
				DEVELOPMENT_TEAM = 75C77V5UHU;
				GCC_PREFIX_HEADER = Valhalla/Core/PrefixHeader.pch;
				INFOPLIST_FILE = "$(SRCROOT)/Valhalla/Supporting Files/Info.plist";
				IPHONEOS_DEPLOYMENT_TARGET = 10.0;
				LD_RUNPATH_SEARCH_PATHS = (
					"$(inherited)",
					"@executable_path/Frameworks",
				);
				PRODUCT_BUNDLE_IDENTIFIER = com.mademao.Valhalla;
				PRODUCT_NAME = "$(TARGET_NAME)";
				SWIFT_VERSION = 4.2;
				TARGETED_DEVICE_FAMILY = "1,2";
			};
			name = Debug;
		};
		411C3F30213816F300DEAB36 /* Release */ = {
			isa = XCBuildConfiguration;
			baseConfigurationReference = 0CCE649E960A006EEA3DDA81 /* Pods-Valhalla.release.xcconfig */;
			buildSettings = {
				ASSETCATALOG_COMPILER_APPICON_NAME = AppIcon;
				CODE_SIGN_STYLE = Automatic;
				DEVELOPMENT_TEAM = 75C77V5UHU;
				GCC_PREFIX_HEADER = Valhalla/Core/PrefixHeader.pch;
				INFOPLIST_FILE = "$(SRCROOT)/Valhalla/Supporting Files/Info.plist";
				IPHONEOS_DEPLOYMENT_TARGET = 10.0;
				LD_RUNPATH_SEARCH_PATHS = (
					"$(inherited)",
					"@executable_path/Frameworks",
				);
				PRODUCT_BUNDLE_IDENTIFIER = com.mademao.Valhalla;
				PRODUCT_NAME = "$(TARGET_NAME)";
				SWIFT_VERSION = 4.2;
				TARGETED_DEVICE_FAMILY = "1,2";
			};
			name = Release;
		};
/* End XCBuildConfiguration section */

/* Begin XCConfigurationList section */
		411C3F13213816F200DEAB36 /* Build configuration list for PBXProject "Valhalla" */ = {
			isa = XCConfigurationList;
			buildConfigurations = (
				411C3F2C213816F300DEAB36 /* Debug */,
				411C3F2D213816F300DEAB36 /* Release */,
			);
			defaultConfigurationIsVisible = 0;
			defaultConfigurationName = Release;
		};
		411C3F2E213816F300DEAB36 /* Build configuration list for PBXNativeTarget "Valhalla" */ = {
			isa = XCConfigurationList;
			buildConfigurations = (
				411C3F2F213816F300DEAB36 /* Debug */,
				411C3F30213816F300DEAB36 /* Release */,
			);
			defaultConfigurationIsVisible = 0;
			defaultConfigurationName = Release;
		};
/* End XCConfigurationList section */
	};
	rootObject = 411C3F10213816F200DEAB36 /* Project object */;
}
